// !$*UTF8*$!
{
	archiveVersion = 1;
	classes = {
	};
	objectVersion = 52;
	objects = {

/* Begin PBXBuildFile section */
		B1298F62273AC20200E8DB70 /* LoginViewController.swift in Sources */ = {isa = PBXBuildFile; fileRef = B1298F61273AC20200E8DB70 /* LoginViewController.swift */; };
		B13685C6273CE7A500C8718A /* GoogleService-Info.plist in Resources */ = {isa = PBXBuildFile; fileRef = B13685C5273CE7A500C8718A /* GoogleService-Info.plist */; };
		B170CD6026F8C657006A1C12 /* AppDelegate.swift in Sources */ = {isa = PBXBuildFile; fileRef = B170CD5F26F8C657006A1C12 /* AppDelegate.swift */; };
		B170CD6226F8C657006A1C12 /* SceneDelegate.swift in Sources */ = {isa = PBXBuildFile; fileRef = B170CD6126F8C657006A1C12 /* SceneDelegate.swift */; };
		B170CD6426F8C657006A1C12 /* VideoFeedViewController.swift in Sources */ = {isa = PBXBuildFile; fileRef = B170CD6326F8C657006A1C12 /* VideoFeedViewController.swift */; };
		B170CD6726F8C657006A1C12 /* Main.storyboard in Resources */ = {isa = PBXBuildFile; fileRef = B170CD6526F8C657006A1C12 /* Main.storyboard */; };
		B170CD6926F8C659006A1C12 /* Assets.xcassets in Resources */ = {isa = PBXBuildFile; fileRef = B170CD6826F8C659006A1C12 /* Assets.xcassets */; };
		B170CD6C26F8C659006A1C12 /* LaunchScreen.storyboard in Resources */ = {isa = PBXBuildFile; fileRef = B170CD6A26F8C659006A1C12 /* LaunchScreen.storyboard */; };
		B170CD7726F8C659006A1C12 /* Gamify_v1Tests.swift in Sources */ = {isa = PBXBuildFile; fileRef = B170CD7626F8C659006A1C12 /* Gamify_v1Tests.swift */; };
		B170CD8226F8C659006A1C12 /* Gamify_v1UITests.swift in Sources */ = {isa = PBXBuildFile; fileRef = B170CD8126F8C659006A1C12 /* Gamify_v1UITests.swift */; };
		B170CD9726F94D63006A1C12 /* SubmissionCell.swift in Sources */ = {isa = PBXBuildFile; fileRef = B170CD9526F94D63006A1C12 /* SubmissionCell.swift */; };
		B170CD9826F94D63006A1C12 /* SubmissionCell.xib in Resources */ = {isa = PBXBuildFile; fileRef = B170CD9626F94D63006A1C12 /* SubmissionCell.xib */; };
		B170CDA326FA23AF006A1C12 /* FirebaseInstallations in Frameworks */ = {isa = PBXBuildFile; productRef = B170CDA226FA23AF006A1C12 /* FirebaseInstallations */; };
		B170CDA526FA23AF006A1C12 /* FirebaseMessaging in Frameworks */ = {isa = PBXBuildFile; productRef = B170CDA426FA23AF006A1C12 /* FirebaseMessaging */; };
		B170CDA726FA23AF006A1C12 /* FirebaseDynamicLinks in Frameworks */ = {isa = PBXBuildFile; productRef = B170CDA626FA23AF006A1C12 /* FirebaseDynamicLinks */; };
		B170CDA926FA23AF006A1C12 /* FirebaseStorage in Frameworks */ = {isa = PBXBuildFile; productRef = B170CDA826FA23AF006A1C12 /* FirebaseStorage */; };
		B170CDAB26FA23AF006A1C12 /* FirebaseAppCheck in Frameworks */ = {isa = PBXBuildFile; productRef = B170CDAA26FA23AF006A1C12 /* FirebaseAppCheck */; };
		B170CDAD26FA23AF006A1C12 /* FirebaseAnalytics in Frameworks */ = {isa = PBXBuildFile; productRef = B170CDAC26FA23AF006A1C12 /* FirebaseAnalytics */; };
		B170CDAF26FA23AF006A1C12 /* FirebaseAuth in Frameworks */ = {isa = PBXBuildFile; productRef = B170CDAE26FA23AF006A1C12 /* FirebaseAuth */; };
		B170CDB126FA23AF006A1C12 /* FirebaseFirestore in Frameworks */ = {isa = PBXBuildFile; productRef = B170CDB026FA23AF006A1C12 /* FirebaseFirestore */; };
		B170CDB326FA23AF006A1C12 /* FirebaseDatabase in Frameworks */ = {isa = PBXBuildFile; productRef = B170CDB226FA23AF006A1C12 /* FirebaseDatabase */; };
		B170CDB526FA23AF006A1C12 /* FirebaseFunctions in Frameworks */ = {isa = PBXBuildFile; productRef = B170CDB426FA23AF006A1C12 /* FirebaseFunctions */; };
		B170CDB726FA23AF006A1C12 /* FirebaseCrashlytics in Frameworks */ = {isa = PBXBuildFile; productRef = B170CDB626FA23AF006A1C12 /* FirebaseCrashlytics */; };
		B170CDB926FA23AF006A1C12 /* FirebasePerformance in Frameworks */ = {isa = PBXBuildFile; productRef = B170CDB826FA23AF006A1C12 /* FirebasePerformance */; };
		B170CDBB26FA23AF006A1C12 /* FirebaseRemoteConfig in Frameworks */ = {isa = PBXBuildFile; productRef = B170CDBA26FA23AF006A1C12 /* FirebaseRemoteConfig */; };
		B170CDC326FD4C05006A1C12 /* User.swift in Sources */ = {isa = PBXBuildFile; fileRef = B170CDC226FD4C04006A1C12 /* User.swift */; };
		B170CDC526FD4CC9006A1C12 /* Content.swift in Sources */ = {isa = PBXBuildFile; fileRef = B170CDC426FD4CC9006A1C12 /* Content.swift */; };
		B170CDC726FD4D51006A1C12 /* Challenge.swift in Sources */ = {isa = PBXBuildFile; fileRef = B170CDC626FD4D51006A1C12 /* Challenge.swift */; };
		B170CDC926FD4E41006A1C12 /* Category.swift in Sources */ = {isa = PBXBuildFile; fileRef = B170CDC826FD4E41006A1C12 /* Category.swift */; };
		B170CDCB26FD4ED6006A1C12 /* UserManager.swift in Sources */ = {isa = PBXBuildFile; fileRef = B170CDCA26FD4ED5006A1C12 /* UserManager.swift */; };
		B170CDCE26FD512A006A1C12 /* CodableFirebase in Frameworks */ = {isa = PBXBuildFile; productRef = B170CDCD26FD512A006A1C12 /* CodableFirebase */; };
		B170CDD026FD538B006A1C12 /* SignUpViewController.swift in Sources */ = {isa = PBXBuildFile; fileRef = B170CDCF26FD538B006A1C12 /* SignUpViewController.swift */; };
		B170CDD427039D34006A1C12 /* ContentManager.swift in Sources */ = {isa = PBXBuildFile; fileRef = B170CDD327039D34006A1C12 /* ContentManager.swift */; };
		B170CDD62703A7C3006A1C12 /* ChallengeManager.swift in Sources */ = {isa = PBXBuildFile; fileRef = B170CDD52703A7C3006A1C12 /* ChallengeManager.swift */; };
		B170CDD82703A818006A1C12 /* CategoryManager.swift in Sources */ = {isa = PBXBuildFile; fileRef = B170CDD72703A818006A1C12 /* CategoryManager.swift */; };
		B170CDDA2703E5AA006A1C12 /* VideoViewController.swift in Sources */ = {isa = PBXBuildFile; fileRef = B170CDD92703E5AA006A1C12 /* VideoViewController.swift */; };
		B170CDDC2703EA21006A1C12 /* VideosViewController.swift in Sources */ = {isa = PBXBuildFile; fileRef = B170CDDB2703EA21006A1C12 /* VideosViewController.swift */; };
		B19E16622738843000983812 /* SplashViewController.swift in Sources */ = {isa = PBXBuildFile; fileRef = B19E16612738843000983812 /* SplashViewController.swift */; };
		B1A7F5C027068EFB00720839 /* ContentDual.swift in Sources */ = {isa = PBXBuildFile; fileRef = B1A7F5BF27068EFB00720839 /* ContentDual.swift */; };
		B1A89AAD2715D6F9000B7F11 /* LeaderboardCellTableViewCell.swift in Sources */ = {isa = PBXBuildFile; fileRef = B1A89AAC2715D6F9000B7F11 /* LeaderboardCellTableViewCell.swift */; };
		B1A89AAF2715D836000B7F11 /* LeaderboardViewController.swift in Sources */ = {isa = PBXBuildFile; fileRef = B1A89AAE2715D836000B7F11 /* LeaderboardViewController.swift */; };
		B1A89B0027165D42000B7F11 /* VideosContainerViewController.swift in Sources */ = {isa = PBXBuildFile; fileRef = B1A89AFF27165D42000B7F11 /* VideosContainerViewController.swift */; };
		B1BB278D270D268400E97916 /* UploadVideoViewController.swift in Sources */ = {isa = PBXBuildFile; fileRef = B1BB278C270D268400E97916 /* UploadVideoViewController.swift */; };
		B1BB278F270D274300E97916 /* StorageManager.swift in Sources */ = {isa = PBXBuildFile; fileRef = B1BB278E270D274200E97916 /* StorageManager.swift */; };
		B1BB2791270D2ABC00E97916 /* ImageManager.swift in Sources */ = {isa = PBXBuildFile; fileRef = B1BB2790270D2ABC00E97916 /* ImageManager.swift */; };
		B1BB2793270D2B2100E97916 /* VideoManager.swift in Sources */ = {isa = PBXBuildFile; fileRef = B1BB2792270D2B2100E97916 /* VideoManager.swift */; };
		B1BB2795270DE52900E97916 /* PulseAnimation.swift in Sources */ = {isa = PBXBuildFile; fileRef = B1BB2794270DE52800E97916 /* PulseAnimation.swift */; };
		B1D05B712731AC620064798D /* LeaderBoardCell.swift in Sources */ = {isa = PBXBuildFile; fileRef = B1D05B702731AC620064798D /* LeaderBoardCell.swift */; };
		B1F5B151271907490042FF9A /* IdentityManager.swift in Sources */ = {isa = PBXBuildFile; fileRef = B1F5B150271907490042FF9A /* IdentityManager.swift */; };
		B1F5B1532719083E0042FF9A /* Identity.swift in Sources */ = {isa = PBXBuildFile; fileRef = B1F5B1522719083E0042FF9A /* Identity.swift */; };
/* End PBXBuildFile section */

/* Begin PBXContainerItemProxy section */
		B170CD7326F8C659006A1C12 /* PBXContainerItemProxy */ = {
			isa = PBXContainerItemProxy;
			containerPortal = B170CD5426F8C657006A1C12 /* Project object */;
			proxyType = 1;
			remoteGlobalIDString = B170CD5B26F8C657006A1C12;
			remoteInfo = Gamify_v1;
		};
		B170CD7E26F8C659006A1C12 /* PBXContainerItemProxy */ = {
			isa = PBXContainerItemProxy;
			containerPortal = B170CD5426F8C657006A1C12 /* Project object */;
			proxyType = 1;
			remoteGlobalIDString = B170CD5B26F8C657006A1C12;
			remoteInfo = Gamify_v1;
		};
/* End PBXContainerItemProxy section */

/* Begin PBXFileReference section */
		B1298F61273AC20200E8DB70 /* LoginViewController.swift */ = {isa = PBXFileReference; lastKnownFileType = sourcecode.swift; path = LoginViewController.swift; sourceTree = "<group>"; };
		B13685C5273CE7A500C8718A /* GoogleService-Info.plist */ = {isa = PBXFileReference; fileEncoding = 4; lastKnownFileType = text.plist.xml; path = "GoogleService-Info.plist"; sourceTree = "<group>"; };
		B170CD5C26F8C657006A1C12 /* Gamify_v1.app */ = {isa = PBXFileReference; explicitFileType = wrapper.application; includeInIndex = 0; path = Gamify_v1.app; sourceTree = BUILT_PRODUCTS_DIR; };
		B170CD5F26F8C657006A1C12 /* AppDelegate.swift */ = {isa = PBXFileReference; lastKnownFileType = sourcecode.swift; path = AppDelegate.swift; sourceTree = "<group>"; };
		B170CD6126F8C657006A1C12 /* SceneDelegate.swift */ = {isa = PBXFileReference; lastKnownFileType = sourcecode.swift; path = SceneDelegate.swift; sourceTree = "<group>"; };
		B170CD6326F8C657006A1C12 /* VideoFeedViewController.swift */ = {isa = PBXFileReference; lastKnownFileType = sourcecode.swift; path = VideoFeedViewController.swift; sourceTree = "<group>"; };
		B170CD6626F8C657006A1C12 /* Base */ = {isa = PBXFileReference; lastKnownFileType = file.storyboard; name = Base; path = Base.lproj/Main.storyboard; sourceTree = "<group>"; };
		B170CD6826F8C659006A1C12 /* Assets.xcassets */ = {isa = PBXFileReference; lastKnownFileType = folder.assetcatalog; path = Assets.xcassets; sourceTree = "<group>"; };
		B170CD6B26F8C659006A1C12 /* Base */ = {isa = PBXFileReference; lastKnownFileType = file.storyboard; name = Base; path = Base.lproj/LaunchScreen.storyboard; sourceTree = "<group>"; };
		B170CD6D26F8C659006A1C12 /* Info.plist */ = {isa = PBXFileReference; lastKnownFileType = text.plist.xml; path = Info.plist; sourceTree = "<group>"; };
		B170CD7226F8C659006A1C12 /* Gamify_v1Tests.xctest */ = {isa = PBXFileReference; explicitFileType = wrapper.cfbundle; includeInIndex = 0; path = Gamify_v1Tests.xctest; sourceTree = BUILT_PRODUCTS_DIR; };
		B170CD7626F8C659006A1C12 /* Gamify_v1Tests.swift */ = {isa = PBXFileReference; lastKnownFileType = sourcecode.swift; path = Gamify_v1Tests.swift; sourceTree = "<group>"; };
		B170CD7826F8C659006A1C12 /* Info.plist */ = {isa = PBXFileReference; lastKnownFileType = text.plist.xml; path = Info.plist; sourceTree = "<group>"; };
		B170CD7D26F8C659006A1C12 /* Gamify_v1UITests.xctest */ = {isa = PBXFileReference; explicitFileType = wrapper.cfbundle; includeInIndex = 0; path = Gamify_v1UITests.xctest; sourceTree = BUILT_PRODUCTS_DIR; };
		B170CD8126F8C659006A1C12 /* Gamify_v1UITests.swift */ = {isa = PBXFileReference; lastKnownFileType = sourcecode.swift; path = Gamify_v1UITests.swift; sourceTree = "<group>"; };
		B170CD8326F8C659006A1C12 /* Info.plist */ = {isa = PBXFileReference; lastKnownFileType = text.plist.xml; path = Info.plist; sourceTree = "<group>"; };
		B170CD9526F94D63006A1C12 /* SubmissionCell.swift */ = {isa = PBXFileReference; lastKnownFileType = sourcecode.swift; path = SubmissionCell.swift; sourceTree = "<group>"; };
		B170CD9626F94D63006A1C12 /* SubmissionCell.xib */ = {isa = PBXFileReference; lastKnownFileType = file.xib; path = SubmissionCell.xib; sourceTree = "<group>"; };
		B170CDC226FD4C04006A1C12 /* User.swift */ = {isa = PBXFileReference; lastKnownFileType = sourcecode.swift; path = User.swift; sourceTree = "<group>"; };
		B170CDC426FD4CC9006A1C12 /* Content.swift */ = {isa = PBXFileReference; lastKnownFileType = sourcecode.swift; path = Content.swift; sourceTree = "<group>"; };
		B170CDC626FD4D51006A1C12 /* Challenge.swift */ = {isa = PBXFileReference; lastKnownFileType = sourcecode.swift; path = Challenge.swift; sourceTree = "<group>"; };
		B170CDC826FD4E41006A1C12 /* Category.swift */ = {isa = PBXFileReference; lastKnownFileType = sourcecode.swift; path = Category.swift; sourceTree = "<group>"; };
		B170CDCA26FD4ED5006A1C12 /* UserManager.swift */ = {isa = PBXFileReference; lastKnownFileType = sourcecode.swift; path = UserManager.swift; sourceTree = "<group>"; };
		B170CDCF26FD538B006A1C12 /* SignUpViewController.swift */ = {isa = PBXFileReference; lastKnownFileType = sourcecode.swift; path = SignUpViewController.swift; sourceTree = "<group>"; };
		B170CDD327039D34006A1C12 /* ContentManager.swift */ = {isa = PBXFileReference; lastKnownFileType = sourcecode.swift; path = ContentManager.swift; sourceTree = "<group>"; };
		B170CDD52703A7C3006A1C12 /* ChallengeManager.swift */ = {isa = PBXFileReference; lastKnownFileType = sourcecode.swift; path = ChallengeManager.swift; sourceTree = "<group>"; };
		B170CDD72703A818006A1C12 /* CategoryManager.swift */ = {isa = PBXFileReference; lastKnownFileType = sourcecode.swift; path = CategoryManager.swift; sourceTree = "<group>"; };
		B170CDD92703E5AA006A1C12 /* VideoViewController.swift */ = {isa = PBXFileReference; lastKnownFileType = sourcecode.swift; path = VideoViewController.swift; sourceTree = "<group>"; };
		B170CDDB2703EA21006A1C12 /* VideosViewController.swift */ = {isa = PBXFileReference; lastKnownFileType = sourcecode.swift; path = VideosViewController.swift; sourceTree = "<group>"; };
		B181912E273C8DD9002B2E38 /* Gamify_v1.entitlements */ = {isa = PBXFileReference; lastKnownFileType = text.plist.entitlements; path = Gamify_v1.entitlements; sourceTree = "<group>"; };
		B19E16612738843000983812 /* SplashViewController.swift */ = {isa = PBXFileReference; lastKnownFileType = sourcecode.swift; path = SplashViewController.swift; sourceTree = "<group>"; };
		B1A7F5BF27068EFB00720839 /* ContentDual.swift */ = {isa = PBXFileReference; lastKnownFileType = sourcecode.swift; path = ContentDual.swift; sourceTree = "<group>"; };
		B1A89AAC2715D6F9000B7F11 /* LeaderboardCellTableViewCell.swift */ = {isa = PBXFileReference; lastKnownFileType = sourcecode.swift; path = LeaderboardCellTableViewCell.swift; sourceTree = "<group>"; };
		B1A89AAE2715D836000B7F11 /* LeaderboardViewController.swift */ = {isa = PBXFileReference; lastKnownFileType = sourcecode.swift; path = LeaderboardViewController.swift; sourceTree = "<group>"; };
		B1A89AFF27165D42000B7F11 /* VideosContainerViewController.swift */ = {isa = PBXFileReference; lastKnownFileType = sourcecode.swift; path = VideosContainerViewController.swift; sourceTree = "<group>"; };
		B1BB278C270D268400E97916 /* UploadVideoViewController.swift */ = {isa = PBXFileReference; lastKnownFileType = sourcecode.swift; path = UploadVideoViewController.swift; sourceTree = "<group>"; };
		B1BB278E270D274200E97916 /* StorageManager.swift */ = {isa = PBXFileReference; lastKnownFileType = sourcecode.swift; path = StorageManager.swift; sourceTree = "<group>"; };
		B1BB2790270D2ABC00E97916 /* ImageManager.swift */ = {isa = PBXFileReference; lastKnownFileType = sourcecode.swift; path = ImageManager.swift; sourceTree = "<group>"; };
		B1BB2792270D2B2100E97916 /* VideoManager.swift */ = {isa = PBXFileReference; lastKnownFileType = sourcecode.swift; path = VideoManager.swift; sourceTree = "<group>"; };
		B1BB2794270DE52800E97916 /* PulseAnimation.swift */ = {isa = PBXFileReference; lastKnownFileType = sourcecode.swift; path = PulseAnimation.swift; sourceTree = "<group>"; };
		B1D05B702731AC620064798D /* LeaderBoardCell.swift */ = {isa = PBXFileReference; lastKnownFileType = sourcecode.swift; path = LeaderBoardCell.swift; sourceTree = "<group>"; };
		B1F5B150271907490042FF9A /* IdentityManager.swift */ = {isa = PBXFileReference; lastKnownFileType = sourcecode.swift; path = IdentityManager.swift; sourceTree = "<group>"; };
		B1F5B1522719083E0042FF9A /* Identity.swift */ = {isa = PBXFileReference; lastKnownFileType = sourcecode.swift; path = Identity.swift; sourceTree = "<group>"; };
/* End PBXFileReference section */

/* Begin PBXFrameworksBuildPhase section */
		B170CD5926F8C657006A1C12 /* Frameworks */ = {
			isa = PBXFrameworksBuildPhase;
			buildActionMask = 2147483647;
			files = (
				B170CDCE26FD512A006A1C12 /* CodableFirebase in Frameworks */,
				B170CDA526FA23AF006A1C12 /* FirebaseMessaging in Frameworks */,
				B170CDA926FA23AF006A1C12 /* FirebaseStorage in Frameworks */,
				B170CDB926FA23AF006A1C12 /* FirebasePerformance in Frameworks */,
				B170CDAD26FA23AF006A1C12 /* FirebaseAnalytics in Frameworks */,
				B170CDA326FA23AF006A1C12 /* FirebaseInstallations in Frameworks */,
				B170CDAB26FA23AF006A1C12 /* FirebaseAppCheck in Frameworks */,
				B170CDB726FA23AF006A1C12 /* FirebaseCrashlytics in Frameworks */,
				B170CDB126FA23AF006A1C12 /* FirebaseFirestore in Frameworks */,
				B170CDB326FA23AF006A1C12 /* FirebaseDatabase in Frameworks */,
				B170CDB526FA23AF006A1C12 /* FirebaseFunctions in Frameworks */,
				B170CDBB26FA23AF006A1C12 /* FirebaseRemoteConfig in Frameworks */,
				B170CDAF26FA23AF006A1C12 /* FirebaseAuth in Frameworks */,
				B170CDA726FA23AF006A1C12 /* FirebaseDynamicLinks in Frameworks */,
			);
			runOnlyForDeploymentPostprocessing = 0;
		};
		B170CD6F26F8C659006A1C12 /* Frameworks */ = {
			isa = PBXFrameworksBuildPhase;
			buildActionMask = 2147483647;
			files = (
			);
			runOnlyForDeploymentPostprocessing = 0;
		};
		B170CD7A26F8C659006A1C12 /* Frameworks */ = {
			isa = PBXFrameworksBuildPhase;
			buildActionMask = 2147483647;
			files = (
			);
			runOnlyForDeploymentPostprocessing = 0;
		};
/* End PBXFrameworksBuildPhase section */

/* Begin PBXGroup section */
		B170CD5326F8C657006A1C12 = {
			isa = PBXGroup;
			children = (
				B170CD5E26F8C657006A1C12 /* Gamify_v1 */,
				B170CD7526F8C659006A1C12 /* Gamify_v1Tests */,
				B170CD8026F8C659006A1C12 /* Gamify_v1UITests */,
				B170CD5D26F8C657006A1C12 /* Products */,
			);
			sourceTree = "<group>";
		};
		B170CD5D26F8C657006A1C12 /* Products */ = {
			isa = PBXGroup;
			children = (
				B170CD5C26F8C657006A1C12 /* Gamify_v1.app */,
				B170CD7226F8C659006A1C12 /* Gamify_v1Tests.xctest */,
				B170CD7D26F8C659006A1C12 /* Gamify_v1UITests.xctest */,
			);
			name = Products;
			sourceTree = "<group>";
		};
		B170CD5E26F8C657006A1C12 /* Gamify_v1 */ = {
			isa = PBXGroup;
			children = (
				B181912E273C8DD9002B2E38 /* Gamify_v1.entitlements */,
				B170CD9B26FA1CE7006A1C12 /* Models */,
				B170CD9A26FA1CDF006A1C12 /* Views */,
				B170CD9926FA1CD5006A1C12 /* Controllers */,
				B170CDC126FD4BA1006A1C12 /* Supporting Files */,
				B170CD6826F8C659006A1C12 /* Assets.xcassets */,
				B13685C5273CE7A500C8718A /* GoogleService-Info.plist */,
				B170CD6D26F8C659006A1C12 /* Info.plist */,
			);
			path = Gamify_v1;
			sourceTree = "<group>";
		};
		B170CD7526F8C659006A1C12 /* Gamify_v1Tests */ = {
			isa = PBXGroup;
			children = (
				B170CD7626F8C659006A1C12 /* Gamify_v1Tests.swift */,
				B170CD7826F8C659006A1C12 /* Info.plist */,
			);
			path = Gamify_v1Tests;
			sourceTree = "<group>";
		};
		B170CD8026F8C659006A1C12 /* Gamify_v1UITests */ = {
			isa = PBXGroup;
			children = (
				B170CD8126F8C659006A1C12 /* Gamify_v1UITests.swift */,
				B170CD8326F8C659006A1C12 /* Info.plist */,
			);
			path = Gamify_v1UITests;
			sourceTree = "<group>";
		};
		B170CD9926FA1CD5006A1C12 /* Controllers */ = {
			isa = PBXGroup;
			children = (
				B1BB278B270D1E7100E97916 /* Old */,
				B170CDCF26FD538B006A1C12 /* SignUpViewController.swift */,
				B1A89AFF27165D42000B7F11 /* VideosContainerViewController.swift */,
				B170CDDB2703EA21006A1C12 /* VideosViewController.swift */,
				B170CDD92703E5AA006A1C12 /* VideoViewController.swift */,
				B1BB278C270D268400E97916 /* UploadVideoViewController.swift */,
				B1A89AAE2715D836000B7F11 /* LeaderboardViewController.swift */,
				B19E16612738843000983812 /* SplashViewController.swift */,
				B1298F61273AC20200E8DB70 /* LoginViewController.swift */,
			);
			path = Controllers;
			sourceTree = "<group>";
		};
		B170CD9A26FA1CDF006A1C12 /* Views */ = {
			isa = PBXGroup;
			children = (
				B170CD6526F8C657006A1C12 /* Main.storyboard */,
				B170CD6A26F8C659006A1C12 /* LaunchScreen.storyboard */,
				B1BB2794270DE52800E97916 /* PulseAnimation.swift */,
				B170CD9C26FA20AE006A1C12 /* Submissions */,
				B1A89AAC2715D6F9000B7F11 /* LeaderboardCellTableViewCell.swift */,
				B1D05B702731AC620064798D /* LeaderBoardCell.swift */,
			);
			path = Views;
			sourceTree = "<group>";
		};
		B170CD9B26FA1CE7006A1C12 /* Models */ = {
			isa = PBXGroup;
			children = (
				B170CDC226FD4C04006A1C12 /* User.swift */,
				B170CDC426FD4CC9006A1C12 /* Content.swift */,
				B1A7F5BF27068EFB00720839 /* ContentDual.swift */,
				B170CDC626FD4D51006A1C12 /* Challenge.swift */,
				B170CDC826FD4E41006A1C12 /* Category.swift */,
				B170CDBC26FA287E006A1C12 /* Managers */,
				B1F5B1522719083E0042FF9A /* Identity.swift */,
			);
			path = Models;
			sourceTree = "<group>";
		};
		B170CD9C26FA20AE006A1C12 /* Submissions */ = {
			isa = PBXGroup;
			children = (
				B170CD9526F94D63006A1C12 /* SubmissionCell.swift */,
				B170CD9626F94D63006A1C12 /* SubmissionCell.xib */,
			);
			path = Submissions;
			sourceTree = "<group>";
		};
		B170CDBC26FA287E006A1C12 /* Managers */ = {
			isa = PBXGroup;
			children = (
				B170CDCA26FD4ED5006A1C12 /* UserManager.swift */,
				B170CDD327039D34006A1C12 /* ContentManager.swift */,
				B170CDD52703A7C3006A1C12 /* ChallengeManager.swift */,
				B170CDD72703A818006A1C12 /* CategoryManager.swift */,
				B1BB278E270D274200E97916 /* StorageManager.swift */,
				B1BB2790270D2ABC00E97916 /* ImageManager.swift */,
				B1BB2792270D2B2100E97916 /* VideoManager.swift */,
				B1F5B150271907490042FF9A /* IdentityManager.swift */,
			);
			path = Managers;
			sourceTree = "<group>";
		};
		B170CDC126FD4BA1006A1C12 /* Supporting Files */ = {
			isa = PBXGroup;
			children = (
				B170CD5F26F8C657006A1C12 /* AppDelegate.swift */,
				B170CD6126F8C657006A1C12 /* SceneDelegate.swift */,
			);
			path = "Supporting Files";
			sourceTree = "<group>";
		};
		B1BB278B270D1E7100E97916 /* Old */ = {
			isa = PBXGroup;
			children = (
				B170CD6326F8C657006A1C12 /* VideoFeedViewController.swift */,
			);
			path = Old;
			sourceTree = "<group>";
		};
/* End PBXGroup section */

/* Begin PBXNativeTarget section */
		B170CD5B26F8C657006A1C12 /* Gamify_v1 */ = {
			isa = PBXNativeTarget;
			buildConfigurationList = B170CD8626F8C659006A1C12 /* Build configuration list for PBXNativeTarget "Gamify_v1" */;
			buildPhases = (
				B170CD5826F8C657006A1C12 /* Sources */,
				B170CD5926F8C657006A1C12 /* Frameworks */,
				B170CD5A26F8C657006A1C12 /* Resources */,
			);
			buildRules = (
			);
			dependencies = (
			);
			name = Gamify_v1;
			packageProductDependencies = (
				B170CDA226FA23AF006A1C12 /* FirebaseInstallations */,
				B170CDA426FA23AF006A1C12 /* FirebaseMessaging */,
				B170CDA626FA23AF006A1C12 /* FirebaseDynamicLinks */,
				B170CDA826FA23AF006A1C12 /* FirebaseStorage */,
				B170CDAA26FA23AF006A1C12 /* FirebaseAppCheck */,
				B170CDAC26FA23AF006A1C12 /* FirebaseAnalytics */,
				B170CDAE26FA23AF006A1C12 /* FirebaseAuth */,
				B170CDB026FA23AF006A1C12 /* FirebaseFirestore */,
				B170CDB226FA23AF006A1C12 /* FirebaseDatabase */,
				B170CDB426FA23AF006A1C12 /* FirebaseFunctions */,
				B170CDB626FA23AF006A1C12 /* FirebaseCrashlytics */,
				B170CDB826FA23AF006A1C12 /* FirebasePerformance */,
				B170CDBA26FA23AF006A1C12 /* FirebaseRemoteConfig */,
				B170CDCD26FD512A006A1C12 /* CodableFirebase */,
			);
			productName = Gamify_v1;
			productReference = B170CD5C26F8C657006A1C12 /* Gamify_v1.app */;
			productType = "com.apple.product-type.application";
		};
		B170CD7126F8C659006A1C12 /* Gamify_v1Tests */ = {
			isa = PBXNativeTarget;
			buildConfigurationList = B170CD8926F8C659006A1C12 /* Build configuration list for PBXNativeTarget "Gamify_v1Tests" */;
			buildPhases = (
				B170CD6E26F8C659006A1C12 /* Sources */,
				B170CD6F26F8C659006A1C12 /* Frameworks */,
				B170CD7026F8C659006A1C12 /* Resources */,
			);
			buildRules = (
			);
			dependencies = (
				B170CD7426F8C659006A1C12 /* PBXTargetDependency */,
			);
			name = Gamify_v1Tests;
			productName = Gamify_v1Tests;
			productReference = B170CD7226F8C659006A1C12 /* Gamify_v1Tests.xctest */;
			productType = "com.apple.product-type.bundle.unit-test";
		};
		B170CD7C26F8C659006A1C12 /* Gamify_v1UITests */ = {
			isa = PBXNativeTarget;
			buildConfigurationList = B170CD8C26F8C659006A1C12 /* Build configuration list for PBXNativeTarget "Gamify_v1UITests" */;
			buildPhases = (
				B170CD7926F8C659006A1C12 /* Sources */,
				B170CD7A26F8C659006A1C12 /* Frameworks */,
				B170CD7B26F8C659006A1C12 /* Resources */,
			);
			buildRules = (
			);
			dependencies = (
				B170CD7F26F8C659006A1C12 /* PBXTargetDependency */,
			);
			name = Gamify_v1UITests;
			productName = Gamify_v1UITests;
			productReference = B170CD7D26F8C659006A1C12 /* Gamify_v1UITests.xctest */;
			productType = "com.apple.product-type.bundle.ui-testing";
		};
/* End PBXNativeTarget section */

/* Begin PBXProject section */
		B170CD5426F8C657006A1C12 /* Project object */ = {
			isa = PBXProject;
			attributes = {
				LastSwiftUpdateCheck = 1250;
				LastUpgradeCheck = 1250;
				TargetAttributes = {
					B170CD5B26F8C657006A1C12 = {
						CreatedOnToolsVersion = 12.5.1;
					};
					B170CD7126F8C659006A1C12 = {
						CreatedOnToolsVersion = 12.5.1;
						TestTargetID = B170CD5B26F8C657006A1C12;
					};
					B170CD7C26F8C659006A1C12 = {
						CreatedOnToolsVersion = 12.5.1;
						TestTargetID = B170CD5B26F8C657006A1C12;
					};
				};
			};
			buildConfigurationList = B170CD5726F8C657006A1C12 /* Build configuration list for PBXProject "Gamify_v1" */;
			compatibilityVersion = "Xcode 9.3";
			developmentRegion = en;
			hasScannedForEncodings = 0;
			knownRegions = (
				en,
				Base,
			);
			mainGroup = B170CD5326F8C657006A1C12;
			packageReferences = (
				B170CDA126FA23AF006A1C12 /* XCRemoteSwiftPackageReference "firebase-ios-sdk" */,
				B170CDCC26FD512A006A1C12 /* XCRemoteSwiftPackageReference "CodableFirebase" */,
			);
			productRefGroup = B170CD5D26F8C657006A1C12 /* Products */;
			projectDirPath = "";
			projectRoot = "";
			targets = (
				B170CD5B26F8C657006A1C12 /* Gamify_v1 */,
				B170CD7126F8C659006A1C12 /* Gamify_v1Tests */,
				B170CD7C26F8C659006A1C12 /* Gamify_v1UITests */,
			);
		};
/* End PBXProject section */

/* Begin PBXResourcesBuildPhase section */
		B170CD5A26F8C657006A1C12 /* Resources */ = {
			isa = PBXResourcesBuildPhase;
			buildActionMask = 2147483647;
			files = (
				B170CD6C26F8C659006A1C12 /* LaunchScreen.storyboard in Resources */,
				B170CD6926F8C659006A1C12 /* Assets.xcassets in Resources */,
				B13685C6273CE7A500C8718A /* GoogleService-Info.plist in Resources */,
				B170CD6726F8C657006A1C12 /* Main.storyboard in Resources */,
				B170CD9826F94D63006A1C12 /* SubmissionCell.xib in Resources */,
			);
			runOnlyForDeploymentPostprocessing = 0;
		};
		B170CD7026F8C659006A1C12 /* Resources */ = {
			isa = PBXResourcesBuildPhase;
			buildActionMask = 2147483647;
			files = (
			);
			runOnlyForDeploymentPostprocessing = 0;
		};
		B170CD7B26F8C659006A1C12 /* Resources */ = {
			isa = PBXResourcesBuildPhase;
			buildActionMask = 2147483647;
			files = (
			);
			runOnlyForDeploymentPostprocessing = 0;
		};
/* End PBXResourcesBuildPhase section */

/* Begin PBXSourcesBuildPhase section */
		B170CD5826F8C657006A1C12 /* Sources */ = {
			isa = PBXSourcesBuildPhase;
			buildActionMask = 2147483647;
			files = (
				B170CDDC2703EA21006A1C12 /* VideosViewController.swift in Sources */,
				B1BB2791270D2ABC00E97916 /* ImageManager.swift in Sources */,
				B170CD6426F8C657006A1C12 /* VideoFeedViewController.swift in Sources */,
				B170CDD427039D34006A1C12 /* ContentManager.swift in Sources */,
				B1BB278F270D274300E97916 /* StorageManager.swift in Sources */,
				B1298F62273AC20200E8DB70 /* LoginViewController.swift in Sources */,
				B170CDC926FD4E41006A1C12 /* Category.swift in Sources */,
				B170CDD62703A7C3006A1C12 /* ChallengeManager.swift in Sources */,
				B1BB2793270D2B2100E97916 /* VideoManager.swift in Sources */,
				B170CDC726FD4D51006A1C12 /* Challenge.swift in Sources */,
				B1F5B151271907490042FF9A /* IdentityManager.swift in Sources */,
				B170CD6026F8C657006A1C12 /* AppDelegate.swift in Sources */,
				B1A89B0027165D42000B7F11 /* VideosContainerViewController.swift in Sources */,
				B1A7F5C027068EFB00720839 /* ContentDual.swift in Sources */,
				B170CDC526FD4CC9006A1C12 /* Content.swift in Sources */,
				B170CDD026FD538B006A1C12 /* SignUpViewController.swift in Sources */,
				B170CDDA2703E5AA006A1C12 /* VideoViewController.swift in Sources */,
				B170CD6226F8C657006A1C12 /* SceneDelegate.swift in Sources */,
				B170CDD82703A818006A1C12 /* CategoryManager.swift in Sources */,
				B1BB2795270DE52900E97916 /* PulseAnimation.swift in Sources */,
				B19E16622738843000983812 /* SplashViewController.swift in Sources */,
				B1D05B712731AC620064798D /* LeaderBoardCell.swift in Sources */,
				B1F5B1532719083E0042FF9A /* Identity.swift in Sources */,
				B170CD9726F94D63006A1C12 /* SubmissionCell.swift in Sources */,
				B170CDCB26FD4ED6006A1C12 /* UserManager.swift in Sources */,
				B1BB278D270D268400E97916 /* UploadVideoViewController.swift in Sources */,
				B170CDC326FD4C05006A1C12 /* User.swift in Sources */,
				B1A89AAF2715D836000B7F11 /* LeaderboardViewController.swift in Sources */,
				B1A89AAD2715D6F9000B7F11 /* LeaderboardCellTableViewCell.swift in Sources */,
			);
			runOnlyForDeploymentPostprocessing = 0;
		};
		B170CD6E26F8C659006A1C12 /* Sources */ = {
			isa = PBXSourcesBuildPhase;
			buildActionMask = 2147483647;
			files = (
				B170CD7726F8C659006A1C12 /* Gamify_v1Tests.swift in Sources */,
			);
			runOnlyForDeploymentPostprocessing = 0;
		};
		B170CD7926F8C659006A1C12 /* Sources */ = {
			isa = PBXSourcesBuildPhase;
			buildActionMask = 2147483647;
			files = (
				B170CD8226F8C659006A1C12 /* Gamify_v1UITests.swift in Sources */,
			);
			runOnlyForDeploymentPostprocessing = 0;
		};
/* End PBXSourcesBuildPhase section */

/* Begin PBXTargetDependency section */
		B170CD7426F8C659006A1C12 /* PBXTargetDependency */ = {
			isa = PBXTargetDependency;
			target = B170CD5B26F8C657006A1C12 /* Gamify_v1 */;
			targetProxy = B170CD7326F8C659006A1C12 /* PBXContainerItemProxy */;
		};
		B170CD7F26F8C659006A1C12 /* PBXTargetDependency */ = {
			isa = PBXTargetDependency;
			target = B170CD5B26F8C657006A1C12 /* Gamify_v1 */;
			targetProxy = B170CD7E26F8C659006A1C12 /* PBXContainerItemProxy */;
		};
/* End PBXTargetDependency section */

/* Begin PBXVariantGroup section */
		B170CD6526F8C657006A1C12 /* Main.storyboard */ = {
			isa = PBXVariantGroup;
			children = (
				B170CD6626F8C657006A1C12 /* Base */,
			);
			name = Main.storyboard;
			sourceTree = "<group>";
		};
		B170CD6A26F8C659006A1C12 /* LaunchScreen.storyboard */ = {
			isa = PBXVariantGroup;
			children = (
				B170CD6B26F8C659006A1C12 /* Base */,
			);
			name = LaunchScreen.storyboard;
			sourceTree = "<group>";
		};
/* End PBXVariantGroup section */

/* Begin XCBuildConfiguration section */
		B170CD8426F8C659006A1C12 /* Debug */ = {
			isa = XCBuildConfiguration;
			buildSettings = {
				ALWAYS_SEARCH_USER_PATHS = NO;
				CLANG_ANALYZER_NONNULL = YES;
				CLANG_ANALYZER_NUMBER_OBJECT_CONVERSION = YES_AGGRESSIVE;
				CLANG_CXX_LANGUAGE_STANDARD = "gnu++14";
				CLANG_CXX_LIBRARY = "libc++";
				CLANG_ENABLE_MODULES = YES;
				CLANG_ENABLE_OBJC_ARC = YES;
				CLANG_ENABLE_OBJC_WEAK = YES;
				CLANG_WARN_BLOCK_CAPTURE_AUTORELEASING = YES;
				CLANG_WARN_BOOL_CONVERSION = YES;
				CLANG_WARN_COMMA = YES;
				CLANG_WARN_CONSTANT_CONVERSION = YES;
				CLANG_WARN_DEPRECATED_OBJC_IMPLEMENTATIONS = YES;
				CLANG_WARN_DIRECT_OBJC_ISA_USAGE = YES_ERROR;
				CLANG_WARN_DOCUMENTATION_COMMENTS = YES;
				CLANG_WARN_EMPTY_BODY = YES;
				CLANG_WARN_ENUM_CONVERSION = YES;
				CLANG_WARN_INFINITE_RECURSION = YES;
				CLANG_WARN_INT_CONVERSION = YES;
				CLANG_WARN_NON_LITERAL_NULL_CONVERSION = YES;
				CLANG_WARN_OBJC_IMPLICIT_RETAIN_SELF = YES;
				CLANG_WARN_OBJC_LITERAL_CONVERSION = YES;
				CLANG_WARN_OBJC_ROOT_CLASS = YES_ERROR;
				CLANG_WARN_QUOTED_INCLUDE_IN_FRAMEWORK_HEADER = YES;
				CLANG_WARN_RANGE_LOOP_ANALYSIS = YES;
				CLANG_WARN_STRICT_PROTOTYPES = YES;
				CLANG_WARN_SUSPICIOUS_MOVE = YES;
				CLANG_WARN_UNGUARDED_AVAILABILITY = YES_AGGRESSIVE;
				CLANG_WARN_UNREACHABLE_CODE = YES;
				CLANG_WARN__DUPLICATE_METHOD_MATCH = YES;
				COPY_PHASE_STRIP = NO;
				DEBUG_INFORMATION_FORMAT = dwarf;
				ENABLE_STRICT_OBJC_MSGSEND = YES;
				ENABLE_TESTABILITY = YES;
				GCC_C_LANGUAGE_STANDARD = gnu11;
				GCC_DYNAMIC_NO_PIC = NO;
				GCC_NO_COMMON_BLOCKS = YES;
				GCC_OPTIMIZATION_LEVEL = 0;
				GCC_PREPROCESSOR_DEFINITIONS = (
					"DEBUG=1",
					"$(inherited)",
				);
				GCC_WARN_64_TO_32_BIT_CONVERSION = YES;
				GCC_WARN_ABOUT_RETURN_TYPE = YES_ERROR;
				GCC_WARN_UNDECLARED_SELECTOR = YES;
				GCC_WARN_UNINITIALIZED_AUTOS = YES_AGGRESSIVE;
				GCC_WARN_UNUSED_FUNCTION = YES;
				GCC_WARN_UNUSED_VARIABLE = YES;
				IPHONEOS_DEPLOYMENT_TARGET = 14.5;
				MTL_ENABLE_DEBUG_INFO = INCLUDE_SOURCE;
				MTL_FAST_MATH = YES;
				ONLY_ACTIVE_ARCH = YES;
				SDKROOT = iphoneos;
				SWIFT_ACTIVE_COMPILATION_CONDITIONS = DEBUG;
				SWIFT_OPTIMIZATION_LEVEL = "-Onone";
			};
			name = Debug;
		};
		B170CD8526F8C659006A1C12 /* Release */ = {
			isa = XCBuildConfiguration;
			buildSettings = {
				ALWAYS_SEARCH_USER_PATHS = NO;
				CLANG_ANALYZER_NONNULL = YES;
				CLANG_ANALYZER_NUMBER_OBJECT_CONVERSION = YES_AGGRESSIVE;
				CLANG_CXX_LANGUAGE_STANDARD = "gnu++14";
				CLANG_CXX_LIBRARY = "libc++";
				CLANG_ENABLE_MODULES = YES;
				CLANG_ENABLE_OBJC_ARC = YES;
				CLANG_ENABLE_OBJC_WEAK = YES;
				CLANG_WARN_BLOCK_CAPTURE_AUTORELEASING = YES;
				CLANG_WARN_BOOL_CONVERSION = YES;
				CLANG_WARN_COMMA = YES;
				CLANG_WARN_CONSTANT_CONVERSION = YES;
				CLANG_WARN_DEPRECATED_OBJC_IMPLEMENTATIONS = YES;
				CLANG_WARN_DIRECT_OBJC_ISA_USAGE = YES_ERROR;
				CLANG_WARN_DOCUMENTATION_COMMENTS = YES;
				CLANG_WARN_EMPTY_BODY = YES;
				CLANG_WARN_ENUM_CONVERSION = YES;
				CLANG_WARN_INFINITE_RECURSION = YES;
				CLANG_WARN_INT_CONVERSION = YES;
				CLANG_WARN_NON_LITERAL_NULL_CONVERSION = YES;
				CLANG_WARN_OBJC_IMPLICIT_RETAIN_SELF = YES;
				CLANG_WARN_OBJC_LITERAL_CONVERSION = YES;
				CLANG_WARN_OBJC_ROOT_CLASS = YES_ERROR;
				CLANG_WARN_QUOTED_INCLUDE_IN_FRAMEWORK_HEADER = YES;
				CLANG_WARN_RANGE_LOOP_ANALYSIS = YES;
				CLANG_WARN_STRICT_PROTOTYPES = YES;
				CLANG_WARN_SUSPICIOUS_MOVE = YES;
				CLANG_WARN_UNGUARDED_AVAILABILITY = YES_AGGRESSIVE;
				CLANG_WARN_UNREACHABLE_CODE = YES;
				CLANG_WARN__DUPLICATE_METHOD_MATCH = YES;
				COPY_PHASE_STRIP = NO;
				DEBUG_INFORMATION_FORMAT = "dwarf-with-dsym";
				ENABLE_NS_ASSERTIONS = NO;
				ENABLE_STRICT_OBJC_MSGSEND = YES;
				GCC_C_LANGUAGE_STANDARD = gnu11;
				GCC_NO_COMMON_BLOCKS = YES;
				GCC_WARN_64_TO_32_BIT_CONVERSION = YES;
				GCC_WARN_ABOUT_RETURN_TYPE = YES_ERROR;
				GCC_WARN_UNDECLARED_SELECTOR = YES;
				GCC_WARN_UNINITIALIZED_AUTOS = YES_AGGRESSIVE;
				GCC_WARN_UNUSED_FUNCTION = YES;
				GCC_WARN_UNUSED_VARIABLE = YES;
				IPHONEOS_DEPLOYMENT_TARGET = 14.5;
				MTL_ENABLE_DEBUG_INFO = NO;
				MTL_FAST_MATH = YES;
				SDKROOT = iphoneos;
				SWIFT_COMPILATION_MODE = wholemodule;
				SWIFT_OPTIMIZATION_LEVEL = "-O";
				VALIDATE_PRODUCT = YES;
			};
			name = Release;
		};
		B170CD8726F8C659006A1C12 /* Debug */ = {
			isa = XCBuildConfiguration;
			buildSettings = {
				ASSETCATALOG_COMPILER_APPICON_NAME = AppIcon;
				ASSETCATALOG_COMPILER_GLOBAL_ACCENT_COLOR_NAME = AccentColor;
				CODE_SIGN_ENTITLEMENTS = Gamify_v1/Gamify_v1.entitlements;
				CODE_SIGN_STYLE = Automatic;
				CURRENT_PROJECT_VERSION = 2.5;
				DEVELOPMENT_TEAM = SFS3QU5SC2;
				INFOPLIST_FILE = Gamify_v1/Info.plist;
				LD_RUNPATH_SEARCH_PATHS = (
					"$(inherited)",
					"@executable_path/Frameworks",
				);
				MARKETING_VERSION = 2.0;
				PRODUCT_BUNDLE_IDENTIFIER = com.gamifysocialmedia.GamifySocialMedia;
				PRODUCT_NAME = "$(TARGET_NAME)";
				SWIFT_VERSION = 5.0;
				TARGETED_DEVICE_FAMILY = "1,2";
			};
			name = Debug;
		};
		B170CD8826F8C659006A1C12 /* Release */ = {
			isa = XCBuildConfiguration;
			buildSettings = {
				ASSETCATALOG_COMPILER_APPICON_NAME = AppIcon;
				ASSETCATALOG_COMPILER_GLOBAL_ACCENT_COLOR_NAME = AccentColor;
				CODE_SIGN_ENTITLEMENTS = Gamify_v1/Gamify_v1.entitlements;
				CODE_SIGN_STYLE = Automatic;
				CURRENT_PROJECT_VERSION = 2.5;
				DEVELOPMENT_TEAM = SFS3QU5SC2;
				INFOPLIST_FILE = Gamify_v1/Info.plist;
				LD_RUNPATH_SEARCH_PATHS = (
					"$(inherited)",
					"@executable_path/Frameworks",
				);
				MARKETING_VERSION = 2.0;
				PRODUCT_BUNDLE_IDENTIFIER = com.gamifysocialmedia.GamifySocialMedia;
				PRODUCT_NAME = "$(TARGET_NAME)";
				SWIFT_VERSION = 5.0;
				TARGETED_DEVICE_FAMILY = "1,2";
			};
			name = Release;
		};
		B170CD8A26F8C659006A1C12 /* Debug */ = {
			isa = XCBuildConfiguration;
			buildSettings = {
				ALWAYS_EMBED_SWIFT_STANDARD_LIBRARIES = YES;
				BUNDLE_LOADER = "$(TEST_HOST)";
				CODE_SIGN_STYLE = Automatic;
				DEVELOPMENT_TEAM = 638FLLMGVC;
				INFOPLIST_FILE = Gamify_v1Tests/Info.plist;
				IPHONEOS_DEPLOYMENT_TARGET = 14.5;
				LD_RUNPATH_SEARCH_PATHS = (
					"$(inherited)",
					"@executable_path/Frameworks",
					"@loader_path/Frameworks",
				);
				PRODUCT_BUNDLE_IDENTIFIER = "com.ladv.Gamify-v1Tests";
				PRODUCT_NAME = "$(TARGET_NAME)";
				SWIFT_VERSION = 5.0;
				TARGETED_DEVICE_FAMILY = "1,2";
				TEST_HOST = "$(BUILT_PRODUCTS_DIR)/Gamify_v1.app/Gamify_v1";
			};
			name = Debug;
		};
		B170CD8B26F8C659006A1C12 /* Release */ = {
			isa = XCBuildConfiguration;
			buildSettings = {
				ALWAYS_EMBED_SWIFT_STANDARD_LIBRARIES = YES;
				BUNDLE_LOADER = "$(TEST_HOST)";
				CODE_SIGN_STYLE = Automatic;
				DEVELOPMENT_TEAM = 638FLLMGVC;
				INFOPLIST_FILE = Gamify_v1Tests/Info.plist;
				IPHONEOS_DEPLOYMENT_TARGET = 14.5;
				LD_RUNPATH_SEARCH_PATHS = (
					"$(inherited)",
					"@executable_path/Frameworks",
					"@loader_path/Frameworks",
				);
				PRODUCT_BUNDLE_IDENTIFIER = "com.ladv.Gamify-v1Tests";
				PRODUCT_NAME = "$(TARGET_NAME)";
				SWIFT_VERSION = 5.0;
				TARGETED_DEVICE_FAMILY = "1,2";
				TEST_HOST = "$(BUILT_PRODUCTS_DIR)/Gamify_v1.app/Gamify_v1";
			};
			name = Release;
		};
		B170CD8D26F8C659006A1C12 /* Debug */ = {
			isa = XCBuildConfiguration;
			buildSettings = {
				ALWAYS_EMBED_SWIFT_STANDARD_LIBRARIES = YES;
				CODE_SIGN_STYLE = Automatic;
				DEVELOPMENT_TEAM = 638FLLMGVC;
				INFOPLIST_FILE = Gamify_v1UITests/Info.plist;
				LD_RUNPATH_SEARCH_PATHS = (
					"$(inherited)",
					"@executable_path/Frameworks",
					"@loader_path/Frameworks",
				);
				PRODUCT_BUNDLE_IDENTIFIER = "com.ladv.Gamify-v1UITests";
				PRODUCT_NAME = "$(TARGET_NAME)";
				SWIFT_VERSION = 5.0;
				TARGETED_DEVICE_FAMILY = "1,2";
				TEST_TARGET_NAME = Gamify_v1;
			};
			name = Debug;
		};
		B170CD8E26F8C659006A1C12 /* Release */ = {
			isa = XCBuildConfiguration;
			buildSettings = {
				ALWAYS_EMBED_SWIFT_STANDARD_LIBRARIES = YES;
				CODE_SIGN_STYLE = Automatic;
				DEVELOPMENT_TEAM = 638FLLMGVC;
				INFOPLIST_FILE = Gamify_v1UITests/Info.plist;
				LD_RUNPATH_SEARCH_PATHS = (
					"$(inherited)",
					"@executable_path/Frameworks",
					"@loader_path/Frameworks",
				);
				PRODUCT_BUNDLE_IDENTIFIER = "com.ladv.Gamify-v1UITests";
				PRODUCT_NAME = "$(TARGET_NAME)";
				SWIFT_VERSION = 5.0;
				TARGETED_DEVICE_FAMILY = "1,2";
				TEST_TARGET_NAME = Gamify_v1;
			};
			name = Release;
		};
/* End XCBuildConfiguration section */

/* Begin XCConfigurationList section */
		B170CD5726F8C657006A1C12 /* Build configuration list for PBXProject "Gamify_v1" */ = {
			isa = XCConfigurationList;
			buildConfigurations = (
				B170CD8426F8C659006A1C12 /* Debug */,
				B170CD8526F8C659006A1C12 /* Release */,
			);
			defaultConfigurationIsVisible = 0;
			defaultConfigurationName = Release;
		};
		B170CD8626F8C659006A1C12 /* Build configuration list for PBXNativeTarget "Gamify_v1" */ = {
			isa = XCConfigurationList;
			buildConfigurations = (
				B170CD8726F8C659006A1C12 /* Debug */,
				B170CD8826F8C659006A1C12 /* Release */,
			);
			defaultConfigurationIsVisible = 0;
			defaultConfigurationName = Release;
		};
		B170CD8926F8C659006A1C12 /* Build configuration list for PBXNativeTarget "Gamify_v1Tests" */ = {
			isa = XCConfigurationList;
			buildConfigurations = (
				B170CD8A26F8C659006A1C12 /* Debug */,
				B170CD8B26F8C659006A1C12 /* Release */,
			);
			defaultConfigurationIsVisible = 0;
			defaultConfigurationName = Release;
		};
		B170CD8C26F8C659006A1C12 /* Build configuration list for PBXNativeTarget "Gamify_v1UITests" */ = {
			isa = XCConfigurationList;
			buildConfigurations = (
				B170CD8D26F8C659006A1C12 /* Debug */,
				B170CD8E26F8C659006A1C12 /* Release */,
			);
			defaultConfigurationIsVisible = 0;
			defaultConfigurationName = Release;
		};
/* End XCConfigurationList section */

/* Begin XCRemoteSwiftPackageReference section */
		B170CDA126FA23AF006A1C12 /* XCRemoteSwiftPackageReference "firebase-ios-sdk" */ = {
			isa = XCRemoteSwiftPackageReference;
			repositoryURL = "https://github.com/firebase/firebase-ios-sdk.git";
			requirement = {
				kind = upToNextMajorVersion;
				minimumVersion = 8.7.0;
			};
		};
		B170CDCC26FD512A006A1C12 /* XCRemoteSwiftPackageReference "CodableFirebase" */ = {
			isa = XCRemoteSwiftPackageReference;
			repositoryURL = "https://github.com/alickbass/CodableFirebase.git";
			requirement = {
				kind = upToNextMajorVersion;
				minimumVersion = 0.2.2;
			};
		};
/* End XCRemoteSwiftPackageReference section */

/* Begin XCSwiftPackageProductDependency section */
		B170CDA226FA23AF006A1C12 /* FirebaseInstallations */ = {
			isa = XCSwiftPackageProductDependency;
			package = B170CDA126FA23AF006A1C12 /* XCRemoteSwiftPackageReference "firebase-ios-sdk" */;
			productName = FirebaseInstallations;
		};
		B170CDA426FA23AF006A1C12 /* FirebaseMessaging */ = {
			isa = XCSwiftPackageProductDependency;
			package = B170CDA126FA23AF006A1C12 /* XCRemoteSwiftPackageReference "firebase-ios-sdk" */;
			productName = FirebaseMessaging;
		};
		B170CDA626FA23AF006A1C12 /* FirebaseDynamicLinks */ = {
			isa = XCSwiftPackageProductDependency;
			package = B170CDA126FA23AF006A1C12 /* XCRemoteSwiftPackageReference "firebase-ios-sdk" */;
			productName = FirebaseDynamicLinks;
		};
		B170CDA826FA23AF006A1C12 /* FirebaseStorage */ = {
			isa = XCSwiftPackageProductDependency;
			package = B170CDA126FA23AF006A1C12 /* XCRemoteSwiftPackageReference "firebase-ios-sdk" */;
			productName = FirebaseStorage;
		};
		B170CDAA26FA23AF006A1C12 /* FirebaseAppCheck */ = {
			isa = XCSwiftPackageProductDependency;
			package = B170CDA126FA23AF006A1C12 /* XCRemoteSwiftPackageReference "firebase-ios-sdk" */;
			productName = FirebaseAppCheck;
		};
		B170CDAC26FA23AF006A1C12 /* FirebaseAnalytics */ = {
			isa = XCSwiftPackageProductDependency;
			package = B170CDA126FA23AF006A1C12 /* XCRemoteSwiftPackageReference "firebase-ios-sdk" */;
			productName = FirebaseAnalytics;
		};
		B170CDAE26FA23AF006A1C12 /* FirebaseAuth */ = {
			isa = XCSwiftPackageProductDependency;
			package = B170CDA126FA23AF006A1C12 /* XCRemoteSwiftPackageReference "firebase-ios-sdk" */;
			productName = FirebaseAuth;
		};
		B170CDB026FA23AF006A1C12 /* FirebaseFirestore */ = {
			isa = XCSwiftPackageProductDependency;
			package = B170CDA126FA23AF006A1C12 /* XCRemoteSwiftPackageReference "firebase-ios-sdk" */;
			productName = FirebaseFirestore;
		};
		B170CDB226FA23AF006A1C12 /* FirebaseDatabase */ = {
			isa = XCSwiftPackageProductDependency;
			package = B170CDA126FA23AF006A1C12 /* XCRemoteSwiftPackageReference "firebase-ios-sdk" */;
			productName = FirebaseDatabase;
		};
		B170CDB426FA23AF006A1C12 /* FirebaseFunctions */ = {
			isa = XCSwiftPackageProductDependency;
			package = B170CDA126FA23AF006A1C12 /* XCRemoteSwiftPackageReference "firebase-ios-sdk" */;
			productName = FirebaseFunctions;
		};
		B170CDB626FA23AF006A1C12 /* FirebaseCrashlytics */ = {
			isa = XCSwiftPackageProductDependency;
			package = B170CDA126FA23AF006A1C12 /* XCRemoteSwiftPackageReference "firebase-ios-sdk" */;
			productName = FirebaseCrashlytics;
		};
		B170CDB826FA23AF006A1C12 /* FirebasePerformance */ = {
			isa = XCSwiftPackageProductDependency;
			package = B170CDA126FA23AF006A1C12 /* XCRemoteSwiftPackageReference "firebase-ios-sdk" */;
			productName = FirebasePerformance;
		};
		B170CDBA26FA23AF006A1C12 /* FirebaseRemoteConfig */ = {
			isa = XCSwiftPackageProductDependency;
			package = B170CDA126FA23AF006A1C12 /* XCRemoteSwiftPackageReference "firebase-ios-sdk" */;
			productName = FirebaseRemoteConfig;
		};
		B170CDCD26FD512A006A1C12 /* CodableFirebase */ = {
			isa = XCSwiftPackageProductDependency;
			package = B170CDCC26FD512A006A1C12 /* XCRemoteSwiftPackageReference "CodableFirebase" */;
			productName = CodableFirebase;
		};
/* End XCSwiftPackageProductDependency section */
	};
	rootObject = B170CD5426F8C657006A1C12 /* Project object */;
}
