// !$*UTF8*$!
{
	archiveVersion = 1;
	classes = {
	};
	objectVersion = 52;
	objects = {

/* Begin PBXBuildFile section */
		B1002CB12743352B00C88C30 /* TermsAndConditionsViewController.swift in Sources */ = {isa = PBXBuildFile; fileRef = B1002CB02743352B00C88C30 /* TermsAndConditionsViewController.swift */; };
		B1298F62273AC20200E8DB70 /* LoginViewController.swift in Sources */ = {isa = PBXBuildFile; fileRef = B1298F61273AC20200E8DB70 /* LoginViewController.swift */; };
		B13685C6273CE7A500C8718A /* GoogleService-Info.plist in Resources */ = {isa = PBXBuildFile; fileRef = B13685C5273CE7A500C8718A /* GoogleService-Info.plist */; };
		B13A698B27912FF5006C7611 /* ProfileViewController.swift in Sources */ = {isa = PBXBuildFile; fileRef = B13A698A27912FF5006C7611 /* ProfileViewController.swift */; };
		B13A698D27913006006C7611 /* Profile.storyboard in Resources */ = {isa = PBXBuildFile; fileRef = B13A698C27913006006C7611 /* Profile.storyboard */; };
		B13A698F27914404006C7611 /* ProfileSubmissionsTableViewCell.swift in Sources */ = {isa = PBXBuildFile; fileRef = B13A698E27914404006C7611 /* ProfileSubmissionsTableViewCell.swift */; };
		B13A699127914D6F006C7611 /* TableViewCell.swift in Sources */ = {isa = PBXBuildFile; fileRef = B13A699027914D6F006C7611 /* TableViewCell.swift */; };
		B158B9AA275425610084B703 /* GameMode.storyboard in Resources */ = {isa = PBXBuildFile; fileRef = B158B9A9275425610084B703 /* GameMode.storyboard */; };
		B158B9B427542BBE0084B703 /* GameModePageViewController.swift in Sources */ = {isa = PBXBuildFile; fileRef = B158B9B327542BBE0084B703 /* GameModePageViewController.swift */; };
		B158B9B627542D000084B703 /* GameModeContentViewController.swift in Sources */ = {isa = PBXBuildFile; fileRef = B158B9B527542D000084B703 /* GameModeContentViewController.swift */; };
		B158B9B827542E560084B703 /* GameModeViewController.swift in Sources */ = {isa = PBXBuildFile; fileRef = B158B9B727542E560084B703 /* GameModeViewController.swift */; };
		B158B9BA275572650084B703 /* NameGameViewController.swift in Sources */ = {isa = PBXBuildFile; fileRef = B158B9B9275572650084B703 /* NameGameViewController.swift */; };
		B158B9BD275596030084B703 /* Discover.storyboard in Resources */ = {isa = PBXBuildFile; fileRef = B158B9BC275596030084B703 /* Discover.storyboard */; };
		B158B9BF2755EC950084B703 /* DiscoverViewController.swift in Sources */ = {isa = PBXBuildFile; fileRef = B158B9BE2755EC950084B703 /* DiscoverViewController.swift */; };
		B158B9C127567DE00084B703 /* DiscoverTableViewCell.swift in Sources */ = {isa = PBXBuildFile; fileRef = B158B9C027567DE00084B703 /* DiscoverTableViewCell.swift */; };
		B170CD6026F8C657006A1C12 /* AppDelegate.swift in Sources */ = {isa = PBXBuildFile; fileRef = B170CD5F26F8C657006A1C12 /* AppDelegate.swift */; };
		B170CD6226F8C657006A1C12 /* SceneDelegate.swift in Sources */ = {isa = PBXBuildFile; fileRef = B170CD6126F8C657006A1C12 /* SceneDelegate.swift */; };
		B170CD6726F8C657006A1C12 /* Main.storyboard in Resources */ = {isa = PBXBuildFile; fileRef = B170CD6526F8C657006A1C12 /* Main.storyboard */; };
		B170CD6926F8C659006A1C12 /* Assets.xcassets in Resources */ = {isa = PBXBuildFile; fileRef = B170CD6826F8C659006A1C12 /* Assets.xcassets */; };
		B170CD6C26F8C659006A1C12 /* LaunchScreen.storyboard in Resources */ = {isa = PBXBuildFile; fileRef = B170CD6A26F8C659006A1C12 /* LaunchScreen.storyboard */; };
		B170CD7726F8C659006A1C12 /* Gamify_v1Tests.swift in Sources */ = {isa = PBXBuildFile; fileRef = B170CD7626F8C659006A1C12 /* Gamify_v1Tests.swift */; };
		B170CD8226F8C659006A1C12 /* Gamify_v1UITests.swift in Sources */ = {isa = PBXBuildFile; fileRef = B170CD8126F8C659006A1C12 /* Gamify_v1UITests.swift */; };
		B170CDC326FD4C05006A1C12 /* User.swift in Sources */ = {isa = PBXBuildFile; fileRef = B170CDC226FD4C04006A1C12 /* User.swift */; };
		B170CDC526FD4CC9006A1C12 /* Content.swift in Sources */ = {isa = PBXBuildFile; fileRef = B170CDC426FD4CC9006A1C12 /* Content.swift */; };
		B170CDC726FD4D51006A1C12 /* Game.swift in Sources */ = {isa = PBXBuildFile; fileRef = B170CDC626FD4D51006A1C12 /* Game.swift */; };
		B170CDC926FD4E41006A1C12 /* Category.swift in Sources */ = {isa = PBXBuildFile; fileRef = B170CDC826FD4E41006A1C12 /* Category.swift */; };
		B170CDCB26FD4ED6006A1C12 /* UserManager.swift in Sources */ = {isa = PBXBuildFile; fileRef = B170CDCA26FD4ED5006A1C12 /* UserManager.swift */; };
		B170CDCE26FD512A006A1C12 /* CodableFirebase in Frameworks */ = {isa = PBXBuildFile; productRef = B170CDCD26FD512A006A1C12 /* CodableFirebase */; };
		B170CDD026FD538B006A1C12 /* SignUpViewController.swift in Sources */ = {isa = PBXBuildFile; fileRef = B170CDCF26FD538B006A1C12 /* SignUpViewController.swift */; };
		B170CDD427039D34006A1C12 /* ContentManager.swift in Sources */ = {isa = PBXBuildFile; fileRef = B170CDD327039D34006A1C12 /* ContentManager.swift */; };
		B170CDD62703A7C3006A1C12 /* GameManager.swift in Sources */ = {isa = PBXBuildFile; fileRef = B170CDD52703A7C3006A1C12 /* GameManager.swift */; };
		B170CDD82703A818006A1C12 /* CategoryManager.swift in Sources */ = {isa = PBXBuildFile; fileRef = B170CDD72703A818006A1C12 /* CategoryManager.swift */; };
		B170CDDA2703E5AA006A1C12 /* VideoViewController.swift in Sources */ = {isa = PBXBuildFile; fileRef = B170CDD92703E5AA006A1C12 /* VideoViewController.swift */; };
		B170CDDC2703EA21006A1C12 /* VideosViewController.swift in Sources */ = {isa = PBXBuildFile; fileRef = B170CDDB2703EA21006A1C12 /* VideosViewController.swift */; };
		B19E16622738843000983812 /* SplashViewController.swift in Sources */ = {isa = PBXBuildFile; fileRef = B19E16612738843000983812 /* SplashViewController.swift */; };
		B1A7F5C027068EFB00720839 /* ContentDual.swift in Sources */ = {isa = PBXBuildFile; fileRef = B1A7F5BF27068EFB00720839 /* ContentDual.swift */; };
		B1A89AAF2715D836000B7F11 /* LeaderboardViewController.swift in Sources */ = {isa = PBXBuildFile; fileRef = B1A89AAE2715D836000B7F11 /* LeaderboardViewController.swift */; };
		B1A89B0027165D42000B7F11 /* VideosContainerViewController.swift in Sources */ = {isa = PBXBuildFile; fileRef = B1A89AFF27165D42000B7F11 /* VideosContainerViewController.swift */; };
		B1B3205E27A2F1000004968B /* Onboarding.swift in Sources */ = {isa = PBXBuildFile; fileRef = B1B3205D27A2F1000004968B /* Onboarding.swift */; };
		B1B3206127A2F1E40004968B /* OnboardingViewController.swift in Sources */ = {isa = PBXBuildFile; fileRef = B1B3206027A2F1E40004968B /* OnboardingViewController.swift */; };
		B1B3206427A2F2B10004968B /* Lottie in Frameworks */ = {isa = PBXBuildFile; productRef = B1B3206327A2F2B10004968B /* Lottie */; };
		B1B3206727A2F3320004968B /* Onboarding.storyboard in Resources */ = {isa = PBXBuildFile; fileRef = B1B3206527A2F3320004968B /* Onboarding.storyboard */; };
		B1B3206927A2F3640004968B /* OnboardingCollectionViewCell.xib in Resources */ = {isa = PBXBuildFile; fileRef = B1B3206827A2F3640004968B /* OnboardingCollectionViewCell.xib */; };
		B1B3206B27A2F3A20004968B /* OnboardingCollectionViewCell.swift in Sources */ = {isa = PBXBuildFile; fileRef = B1B3206A27A2F3A20004968B /* OnboardingCollectionViewCell.swift */; };
		B1BB278D270D268400E97916 /* UploadVideoViewController.swift in Sources */ = {isa = PBXBuildFile; fileRef = B1BB278C270D268400E97916 /* UploadVideoViewController.swift */; };
		B1BB278F270D274300E97916 /* StorageManager.swift in Sources */ = {isa = PBXBuildFile; fileRef = B1BB278E270D274200E97916 /* StorageManager.swift */; };
		B1BB2791270D2ABC00E97916 /* ImageManager.swift in Sources */ = {isa = PBXBuildFile; fileRef = B1BB2790270D2ABC00E97916 /* ImageManager.swift */; };
		B1BB2793270D2B2100E97916 /* VideoManager.swift in Sources */ = {isa = PBXBuildFile; fileRef = B1BB2792270D2B2100E97916 /* VideoManager.swift */; };
		B1BB2795270DE52900E97916 /* PulseAnimation.swift in Sources */ = {isa = PBXBuildFile; fileRef = B1BB2794270DE52800E97916 /* PulseAnimation.swift */; };
		B1D05B712731AC620064798D /* LeaderBoardCell.swift in Sources */ = {isa = PBXBuildFile; fileRef = B1D05B702731AC620064798D /* LeaderBoardCell.swift */; };
		B1D5A1F62769051800E48579 /* BLTNBoard in Frameworks */ = {isa = PBXBuildFile; productRef = B1D5A1F52769051800E48579 /* BLTNBoard */; };
		B1E463B2273ED617002CB233 /* FirebaseAnalytics in Frameworks */ = {isa = PBXBuildFile; productRef = B1E463B1273ED617002CB233 /* FirebaseAnalytics */; };
		B1E463B4273ED617002CB233 /* FirebaseAnalyticsSwift-Beta in Frameworks */ = {isa = PBXBuildFile; productRef = B1E463B3273ED617002CB233 /* FirebaseAnalyticsSwift-Beta */; };
		B1E463B6273ED617002CB233 /* FirebaseAnalyticsWithoutAdIdSupport in Frameworks */ = {isa = PBXBuildFile; productRef = B1E463B5273ED617002CB233 /* FirebaseAnalyticsWithoutAdIdSupport */; };
		B1E463B8273ED617002CB233 /* FirebaseAppCheck in Frameworks */ = {isa = PBXBuildFile; productRef = B1E463B7273ED617002CB233 /* FirebaseAppCheck */; };
		B1E463BA273ED617002CB233 /* FirebaseAppDistribution-Beta in Frameworks */ = {isa = PBXBuildFile; productRef = B1E463B9273ED617002CB233 /* FirebaseAppDistribution-Beta */; };
		B1E463BC273ED617002CB233 /* FirebaseAuth in Frameworks */ = {isa = PBXBuildFile; productRef = B1E463BB273ED617002CB233 /* FirebaseAuth */; };
		B1E463BE273ED617002CB233 /* FirebaseAuthCombine-Community in Frameworks */ = {isa = PBXBuildFile; productRef = B1E463BD273ED617002CB233 /* FirebaseAuthCombine-Community */; };
		B1E463C0273ED617002CB233 /* FirebaseCrashlytics in Frameworks */ = {isa = PBXBuildFile; productRef = B1E463BF273ED617002CB233 /* FirebaseCrashlytics */; };
		B1E463C2273ED617002CB233 /* FirebaseDatabase in Frameworks */ = {isa = PBXBuildFile; productRef = B1E463C1273ED617002CB233 /* FirebaseDatabase */; };
		B1E463C4273ED617002CB233 /* FirebaseDatabaseSwift-Beta in Frameworks */ = {isa = PBXBuildFile; productRef = B1E463C3273ED617002CB233 /* FirebaseDatabaseSwift-Beta */; };
		B1E463C6273ED617002CB233 /* FirebaseDynamicLinks in Frameworks */ = {isa = PBXBuildFile; productRef = B1E463C5273ED617002CB233 /* FirebaseDynamicLinks */; };
		B1E463C8273ED617002CB233 /* FirebaseFirestore in Frameworks */ = {isa = PBXBuildFile; productRef = B1E463C7273ED617002CB233 /* FirebaseFirestore */; };
		B1E463CA273ED617002CB233 /* FirebaseFirestoreCombine-Community in Frameworks */ = {isa = PBXBuildFile; productRef = B1E463C9273ED617002CB233 /* FirebaseFirestoreCombine-Community */; };
		B1E463CC273ED617002CB233 /* FirebaseFirestoreSwift-Beta in Frameworks */ = {isa = PBXBuildFile; productRef = B1E463CB273ED617002CB233 /* FirebaseFirestoreSwift-Beta */; };
		B1E463CE273ED617002CB233 /* FirebaseFunctions in Frameworks */ = {isa = PBXBuildFile; productRef = B1E463CD273ED617002CB233 /* FirebaseFunctions */; };
		B1E463D0273ED617002CB233 /* FirebaseFunctionsCombine-Community in Frameworks */ = {isa = PBXBuildFile; productRef = B1E463CF273ED617002CB233 /* FirebaseFunctionsCombine-Community */; };
		B1E463D2273ED617002CB233 /* FirebaseInAppMessaging-Beta in Frameworks */ = {isa = PBXBuildFile; productRef = B1E463D1273ED617002CB233 /* FirebaseInAppMessaging-Beta */; };
		B1E463D4273ED617002CB233 /* FirebaseInAppMessagingSwift-Beta in Frameworks */ = {isa = PBXBuildFile; productRef = B1E463D3273ED617002CB233 /* FirebaseInAppMessagingSwift-Beta */; };
		B1E463D6273ED617002CB233 /* FirebaseInstallations in Frameworks */ = {isa = PBXBuildFile; productRef = B1E463D5273ED617002CB233 /* FirebaseInstallations */; };
		B1E463D8273ED617002CB233 /* FirebaseMLModelDownloader in Frameworks */ = {isa = PBXBuildFile; productRef = B1E463D7273ED617002CB233 /* FirebaseMLModelDownloader */; };
		B1E463DA273ED617002CB233 /* FirebaseMessaging in Frameworks */ = {isa = PBXBuildFile; productRef = B1E463D9273ED617002CB233 /* FirebaseMessaging */; };
		B1E463DC273ED617002CB233 /* FirebasePerformance in Frameworks */ = {isa = PBXBuildFile; productRef = B1E463DB273ED617002CB233 /* FirebasePerformance */; };
		B1E463DE273ED617002CB233 /* FirebaseRemoteConfig in Frameworks */ = {isa = PBXBuildFile; productRef = B1E463DD273ED617002CB233 /* FirebaseRemoteConfig */; };
		B1E463E0273ED617002CB233 /* FirebaseStorage in Frameworks */ = {isa = PBXBuildFile; productRef = B1E463DF273ED617002CB233 /* FirebaseStorage */; };
		B1E463E2273ED617002CB233 /* FirebaseStorageCombine-Community in Frameworks */ = {isa = PBXBuildFile; productRef = B1E463E1273ED617002CB233 /* FirebaseStorageCombine-Community */; };
		B1E463E4273ED617002CB233 /* FirebaseStorageSwift-Beta in Frameworks */ = {isa = PBXBuildFile; productRef = B1E463E3273ED617002CB233 /* FirebaseStorageSwift-Beta */; };
		B1F5B151271907490042FF9A /* IdentityManager.swift in Sources */ = {isa = PBXBuildFile; fileRef = B1F5B150271907490042FF9A /* IdentityManager.swift */; };
		B1F5B1532719083E0042FF9A /* Identity.swift in Sources */ = {isa = PBXBuildFile; fileRef = B1F5B1522719083E0042FF9A /* Identity.swift */; };
		B1FA6A27277371EA00EB0EAE /* ShareGameViewController.swift in Sources */ = {isa = PBXBuildFile; fileRef = B1FA6A26277371E900EB0EAE /* ShareGameViewController.swift */; };
/* End PBXBuildFile section */

/* Begin PBXContainerItemProxy section */
		B170CD7326F8C659006A1C12 /* PBXContainerItemProxy */ = {
			isa = PBXContainerItemProxy;
			containerPortal = B170CD5426F8C657006A1C12 /* Project object */;
			proxyType = 1;
			remoteGlobalIDString = B170CD5B26F8C657006A1C12;
			remoteInfo = Gamify_v1;
		};
		B170CD7E26F8C659006A1C12 /* PBXContainerItemProxy */ = {
			isa = PBXContainerItemProxy;
			containerPortal = B170CD5426F8C657006A1C12 /* Project object */;
			proxyType = 1;
			remoteGlobalIDString = B170CD5B26F8C657006A1C12;
			remoteInfo = Gamify_v1;
		};
/* End PBXContainerItemProxy section */

/* Begin PBXFileReference section */
		B1002CB02743352B00C88C30 /* TermsAndConditionsViewController.swift */ = {isa = PBXFileReference; lastKnownFileType = sourcecode.swift; path = TermsAndConditionsViewController.swift; sourceTree = "<group>"; };
		B1298F61273AC20200E8DB70 /* LoginViewController.swift */ = {isa = PBXFileReference; lastKnownFileType = sourcecode.swift; path = LoginViewController.swift; sourceTree = "<group>"; };
		B13685C5273CE7A500C8718A /* GoogleService-Info.plist */ = {isa = PBXFileReference; fileEncoding = 4; lastKnownFileType = text.plist.xml; path = "GoogleService-Info.plist"; sourceTree = "<group>"; };
		B13A698A27912FF5006C7611 /* ProfileViewController.swift */ = {isa = PBXFileReference; lastKnownFileType = sourcecode.swift; path = ProfileViewController.swift; sourceTree = "<group>"; };
		B13A698C27913006006C7611 /* Profile.storyboard */ = {isa = PBXFileReference; lastKnownFileType = file.storyboard; path = Profile.storyboard; sourceTree = "<group>"; };
		B13A698E27914404006C7611 /* ProfileSubmissionsTableViewCell.swift */ = {isa = PBXFileReference; lastKnownFileType = sourcecode.swift; path = ProfileSubmissionsTableViewCell.swift; sourceTree = "<group>"; };
		B13A699027914D6F006C7611 /* TableViewCell.swift */ = {isa = PBXFileReference; lastKnownFileType = sourcecode.swift; path = TableViewCell.swift; sourceTree = "<group>"; };
		B158B9A9275425610084B703 /* GameMode.storyboard */ = {isa = PBXFileReference; lastKnownFileType = file.storyboard; path = GameMode.storyboard; sourceTree = "<group>"; };
		B158B9B327542BBE0084B703 /* GameModePageViewController.swift */ = {isa = PBXFileReference; lastKnownFileType = sourcecode.swift; path = GameModePageViewController.swift; sourceTree = "<group>"; };
		B158B9B527542D000084B703 /* GameModeContentViewController.swift */ = {isa = PBXFileReference; lastKnownFileType = sourcecode.swift; path = GameModeContentViewController.swift; sourceTree = "<group>"; };
		B158B9B727542E560084B703 /* GameModeViewController.swift */ = {isa = PBXFileReference; lastKnownFileType = sourcecode.swift; path = GameModeViewController.swift; sourceTree = "<group>"; };
		B158B9B9275572650084B703 /* NameGameViewController.swift */ = {isa = PBXFileReference; lastKnownFileType = sourcecode.swift; path = NameGameViewController.swift; sourceTree = "<group>"; };
		B158B9BC275596030084B703 /* Discover.storyboard */ = {isa = PBXFileReference; lastKnownFileType = file.storyboard; path = Discover.storyboard; sourceTree = "<group>"; };
		B158B9BE2755EC950084B703 /* DiscoverViewController.swift */ = {isa = PBXFileReference; lastKnownFileType = sourcecode.swift; path = DiscoverViewController.swift; sourceTree = "<group>"; };
		B158B9C027567DE00084B703 /* DiscoverTableViewCell.swift */ = {isa = PBXFileReference; lastKnownFileType = sourcecode.swift; path = DiscoverTableViewCell.swift; sourceTree = "<group>"; };
		B170CD5C26F8C657006A1C12 /* Gamify_v1.app */ = {isa = PBXFileReference; explicitFileType = wrapper.application; includeInIndex = 0; path = Gamify_v1.app; sourceTree = BUILT_PRODUCTS_DIR; };
		B170CD5F26F8C657006A1C12 /* AppDelegate.swift */ = {isa = PBXFileReference; lastKnownFileType = sourcecode.swift; path = AppDelegate.swift; sourceTree = "<group>"; };
		B170CD6126F8C657006A1C12 /* SceneDelegate.swift */ = {isa = PBXFileReference; lastKnownFileType = sourcecode.swift; path = SceneDelegate.swift; sourceTree = "<group>"; };
		B170CD6626F8C657006A1C12 /* Base */ = {isa = PBXFileReference; lastKnownFileType = file.storyboard; name = Base; path = Base.lproj/Main.storyboard; sourceTree = "<group>"; };
		B170CD6826F8C659006A1C12 /* Assets.xcassets */ = {isa = PBXFileReference; lastKnownFileType = folder.assetcatalog; path = Assets.xcassets; sourceTree = "<group>"; };
		B170CD6B26F8C659006A1C12 /* Base */ = {isa = PBXFileReference; lastKnownFileType = file.storyboard; name = Base; path = Base.lproj/LaunchScreen.storyboard; sourceTree = "<group>"; };
		B170CD6D26F8C659006A1C12 /* Info.plist */ = {isa = PBXFileReference; lastKnownFileType = text.plist.xml; path = Info.plist; sourceTree = "<group>"; };
		B170CD7226F8C659006A1C12 /* Gamify_v1Tests.xctest */ = {isa = PBXFileReference; explicitFileType = wrapper.cfbundle; includeInIndex = 0; path = Gamify_v1Tests.xctest; sourceTree = BUILT_PRODUCTS_DIR; };
		B170CD7626F8C659006A1C12 /* Gamify_v1Tests.swift */ = {isa = PBXFileReference; lastKnownFileType = sourcecode.swift; path = Gamify_v1Tests.swift; sourceTree = "<group>"; };
		B170CD7826F8C659006A1C12 /* Info.plist */ = {isa = PBXFileReference; lastKnownFileType = text.plist.xml; path = Info.plist; sourceTree = "<group>"; };
		B170CD7D26F8C659006A1C12 /* Gamify_v1UITests.xctest */ = {isa = PBXFileReference; explicitFileType = wrapper.cfbundle; includeInIndex = 0; path = Gamify_v1UITests.xctest; sourceTree = BUILT_PRODUCTS_DIR; };
		B170CD8126F8C659006A1C12 /* Gamify_v1UITests.swift */ = {isa = PBXFileReference; lastKnownFileType = sourcecode.swift; path = Gamify_v1UITests.swift; sourceTree = "<group>"; };
		B170CD8326F8C659006A1C12 /* Info.plist */ = {isa = PBXFileReference; lastKnownFileType = text.plist.xml; path = Info.plist; sourceTree = "<group>"; };
		B170CDC226FD4C04006A1C12 /* User.swift */ = {isa = PBXFileReference; lastKnownFileType = sourcecode.swift; path = User.swift; sourceTree = "<group>"; };
		B170CDC426FD4CC9006A1C12 /* Content.swift */ = {isa = PBXFileReference; lastKnownFileType = sourcecode.swift; path = Content.swift; sourceTree = "<group>"; };
		B170CDC626FD4D51006A1C12 /* Game.swift */ = {isa = PBXFileReference; lastKnownFileType = sourcecode.swift; path = Game.swift; sourceTree = "<group>"; };
		B170CDC826FD4E41006A1C12 /* Category.swift */ = {isa = PBXFileReference; lastKnownFileType = sourcecode.swift; path = Category.swift; sourceTree = "<group>"; };
		B170CDCA26FD4ED5006A1C12 /* UserManager.swift */ = {isa = PBXFileReference; lastKnownFileType = sourcecode.swift; path = UserManager.swift; sourceTree = "<group>"; };
		B170CDCF26FD538B006A1C12 /* SignUpViewController.swift */ = {isa = PBXFileReference; lastKnownFileType = sourcecode.swift; path = SignUpViewController.swift; sourceTree = "<group>"; };
		B170CDD327039D34006A1C12 /* ContentManager.swift */ = {isa = PBXFileReference; lastKnownFileType = sourcecode.swift; path = ContentManager.swift; sourceTree = "<group>"; };
		B170CDD52703A7C3006A1C12 /* GameManager.swift */ = {isa = PBXFileReference; lastKnownFileType = sourcecode.swift; path = GameManager.swift; sourceTree = "<group>"; };
		B170CDD72703A818006A1C12 /* CategoryManager.swift */ = {isa = PBXFileReference; lastKnownFileType = sourcecode.swift; path = CategoryManager.swift; sourceTree = "<group>"; };
		B170CDD92703E5AA006A1C12 /* VideoViewController.swift */ = {isa = PBXFileReference; lastKnownFileType = sourcecode.swift; path = VideoViewController.swift; sourceTree = "<group>"; };
		B170CDDB2703EA21006A1C12 /* VideosViewController.swift */ = {isa = PBXFileReference; lastKnownFileType = sourcecode.swift; path = VideosViewController.swift; sourceTree = "<group>"; };
		B181912E273C8DD9002B2E38 /* Gamify_v1.entitlements */ = {isa = PBXFileReference; lastKnownFileType = text.plist.entitlements; path = Gamify_v1.entitlements; sourceTree = "<group>"; };
		B19E16612738843000983812 /* SplashViewController.swift */ = {isa = PBXFileReference; lastKnownFileType = sourcecode.swift; path = SplashViewController.swift; sourceTree = "<group>"; };
		B1A7F5BF27068EFB00720839 /* ContentDual.swift */ = {isa = PBXFileReference; lastKnownFileType = sourcecode.swift; path = ContentDual.swift; sourceTree = "<group>"; };
		B1A89AAE2715D836000B7F11 /* LeaderboardViewController.swift */ = {isa = PBXFileReference; lastKnownFileType = sourcecode.swift; path = LeaderboardViewController.swift; sourceTree = "<group>"; };
		B1A89AFF27165D42000B7F11 /* VideosContainerViewController.swift */ = {isa = PBXFileReference; lastKnownFileType = sourcecode.swift; path = VideosContainerViewController.swift; sourceTree = "<group>"; };
		B1B3205D27A2F1000004968B /* Onboarding.swift */ = {isa = PBXFileReference; lastKnownFileType = sourcecode.swift; path = Onboarding.swift; sourceTree = "<group>"; };
		B1B3206027A2F1E40004968B /* OnboardingViewController.swift */ = {isa = PBXFileReference; lastKnownFileType = sourcecode.swift; path = OnboardingViewController.swift; sourceTree = "<group>"; };
		B1B3206627A2F3320004968B /* Base */ = {isa = PBXFileReference; lastKnownFileType = file.storyboard; name = Base; path = ../../../../../onboardingFlow/onboardingFlow/Base.lproj/Onboarding.storyboard; sourceTree = "<group>"; };
		B1B3206827A2F3640004968B /* OnboardingCollectionViewCell.xib */ = {isa = PBXFileReference; fileEncoding = 4; lastKnownFileType = file.xib; name = OnboardingCollectionViewCell.xib; path = ../../../../../onboardingFlow/onboardingFlow/OnboardingCollectionViewCell.xib; sourceTree = "<group>"; };
		B1B3206A27A2F3A20004968B /* OnboardingCollectionViewCell.swift */ = {isa = PBXFileReference; lastKnownFileType = sourcecode.swift; path = OnboardingCollectionViewCell.swift; sourceTree = "<group>"; };
		B1BB278C270D268400E97916 /* UploadVideoViewController.swift */ = {isa = PBXFileReference; lastKnownFileType = sourcecode.swift; path = UploadVideoViewController.swift; sourceTree = "<group>"; };
		B1BB278E270D274200E97916 /* StorageManager.swift */ = {isa = PBXFileReference; lastKnownFileType = sourcecode.swift; path = StorageManager.swift; sourceTree = "<group>"; };
		B1BB2790270D2ABC00E97916 /* ImageManager.swift */ = {isa = PBXFileReference; lastKnownFileType = sourcecode.swift; path = ImageManager.swift; sourceTree = "<group>"; };
		B1BB2792270D2B2100E97916 /* VideoManager.swift */ = {isa = PBXFileReference; lastKnownFileType = sourcecode.swift; path = VideoManager.swift; sourceTree = "<group>"; };
		B1BB2794270DE52800E97916 /* PulseAnimation.swift */ = {isa = PBXFileReference; lastKnownFileType = sourcecode.swift; path = PulseAnimation.swift; sourceTree = "<group>"; };
		B1D05B702731AC620064798D /* LeaderBoardCell.swift */ = {isa = PBXFileReference; lastKnownFileType = sourcecode.swift; path = LeaderBoardCell.swift; sourceTree = "<group>"; };
		B1F5B150271907490042FF9A /* IdentityManager.swift */ = {isa = PBXFileReference; lastKnownFileType = sourcecode.swift; path = IdentityManager.swift; sourceTree = "<group>"; };
		B1F5B1522719083E0042FF9A /* Identity.swift */ = {isa = PBXFileReference; lastKnownFileType = sourcecode.swift; path = Identity.swift; sourceTree = "<group>"; };
		B1FA6A26277371E900EB0EAE /* ShareGameViewController.swift */ = {isa = PBXFileReference; lastKnownFileType = sourcecode.swift; path = ShareGameViewController.swift; sourceTree = "<group>"; };
/* End PBXFileReference section */

/* Begin PBXFrameworksBuildPhase section */
		B170CD5926F8C657006A1C12 /* Frameworks */ = {
			isa = PBXFrameworksBuildPhase;
			buildActionMask = 2147483647;
			files = (
				B1E463C2273ED617002CB233 /* FirebaseDatabase in Frameworks */,
				B1E463D0273ED617002CB233 /* FirebaseFunctionsCombine-Community in Frameworks */,
				B1E463C8273ED617002CB233 /* FirebaseFirestore in Frameworks */,
				B1E463E0273ED617002CB233 /* FirebaseStorage in Frameworks */,
				B1E463B4273ED617002CB233 /* FirebaseAnalyticsSwift-Beta in Frameworks */,
				B1E463E4273ED617002CB233 /* FirebaseStorageSwift-Beta in Frameworks */,
				B1E463B2273ED617002CB233 /* FirebaseAnalytics in Frameworks */,
				B170CDCE26FD512A006A1C12 /* CodableFirebase in Frameworks */,
				B1E463D8273ED617002CB233 /* FirebaseMLModelDownloader in Frameworks */,
				B1B3206427A2F2B10004968B /* Lottie in Frameworks */,
				B1E463B8273ED617002CB233 /* FirebaseAppCheck in Frameworks */,
				B1E463B6273ED617002CB233 /* FirebaseAnalyticsWithoutAdIdSupport in Frameworks */,
				B1E463BC273ED617002CB233 /* FirebaseAuth in Frameworks */,
				B1E463C0273ED617002CB233 /* FirebaseCrashlytics in Frameworks */,
				B1E463C4273ED617002CB233 /* FirebaseDatabaseSwift-Beta in Frameworks */,
				B1E463D2273ED617002CB233 /* FirebaseInAppMessaging-Beta in Frameworks */,
				B1E463BA273ED617002CB233 /* FirebaseAppDistribution-Beta in Frameworks */,
				B1E463CE273ED617002CB233 /* FirebaseFunctions in Frameworks */,
				B1E463E2273ED617002CB233 /* FirebaseStorageCombine-Community in Frameworks */,
				B1E463DE273ED617002CB233 /* FirebaseRemoteConfig in Frameworks */,
				B1E463BE273ED617002CB233 /* FirebaseAuthCombine-Community in Frameworks */,
				B1E463CC273ED617002CB233 /* FirebaseFirestoreSwift-Beta in Frameworks */,
				B1D5A1F62769051800E48579 /* BLTNBoard in Frameworks */,
				B1E463DC273ED617002CB233 /* FirebasePerformance in Frameworks */,
				B1E463D4273ED617002CB233 /* FirebaseInAppMessagingSwift-Beta in Frameworks */,
				B1E463C6273ED617002CB233 /* FirebaseDynamicLinks in Frameworks */,
				B1E463CA273ED617002CB233 /* FirebaseFirestoreCombine-Community in Frameworks */,
				B1E463DA273ED617002CB233 /* FirebaseMessaging in Frameworks */,
				B1E463D6273ED617002CB233 /* FirebaseInstallations in Frameworks */,
			);
			runOnlyForDeploymentPostprocessing = 0;
		};
		B170CD6F26F8C659006A1C12 /* Frameworks */ = {
			isa = PBXFrameworksBuildPhase;
			buildActionMask = 2147483647;
			files = (
			);
			runOnlyForDeploymentPostprocessing = 0;
		};
		B170CD7A26F8C659006A1C12 /* Frameworks */ = {
			isa = PBXFrameworksBuildPhase;
			buildActionMask = 2147483647;
			files = (
			);
			runOnlyForDeploymentPostprocessing = 0;
		};
/* End PBXFrameworksBuildPhase section */

/* Begin PBXGroup section */
		B13A698927912FD5006C7611 /* Profile */ = {
			isa = PBXGroup;
			children = (
				B13A698C27913006006C7611 /* Profile.storyboard */,
				B13A698A27912FF5006C7611 /* ProfileViewController.swift */,
				B13A698E27914404006C7611 /* ProfileSubmissionsTableViewCell.swift */,
				B13A699027914D6F006C7611 /* TableViewCell.swift */,
			);
			path = Profile;
			sourceTree = "<group>";
		};
		B158B9A6275424C40084B703 /* GameMode */ = {
			isa = PBXGroup;
			children = (
				B158B9A9275425610084B703 /* GameMode.storyboard */,
			);
			path = GameMode;
			sourceTree = "<group>";
		};
		B158B9BB275595BC0084B703 /* Discover */ = {
			isa = PBXGroup;
			children = (
				B158B9BC275596030084B703 /* Discover.storyboard */,
				B158B9C027567DE00084B703 /* DiscoverTableViewCell.swift */,
				B158B9BE2755EC950084B703 /* DiscoverViewController.swift */,
			);
			path = Discover;
			sourceTree = "<group>";
		};
		B170CD5326F8C657006A1C12 = {
			isa = PBXGroup;
			children = (
				B170CD5E26F8C657006A1C12 /* Gamify_v1 */,
				B170CD7526F8C659006A1C12 /* Gamify_v1Tests */,
				B170CD8026F8C659006A1C12 /* Gamify_v1UITests */,
				B170CD5D26F8C657006A1C12 /* Products */,
			);
			sourceTree = "<group>";
		};
		B170CD5D26F8C657006A1C12 /* Products */ = {
			isa = PBXGroup;
			children = (
				B170CD5C26F8C657006A1C12 /* Gamify_v1.app */,
				B170CD7226F8C659006A1C12 /* Gamify_v1Tests.xctest */,
				B170CD7D26F8C659006A1C12 /* Gamify_v1UITests.xctest */,
			);
			name = Products;
			sourceTree = "<group>";
		};
		B170CD5E26F8C657006A1C12 /* Gamify_v1 */ = {
			isa = PBXGroup;
			children = (
				B181912E273C8DD9002B2E38 /* Gamify_v1.entitlements */,
				B170CD9B26FA1CE7006A1C12 /* Models */,
				B170CD9A26FA1CDF006A1C12 /* Views */,
				B170CD9926FA1CD5006A1C12 /* Controllers */,
				B170CDC126FD4BA1006A1C12 /* Supporting Files */,
				B170CD6526F8C657006A1C12 /* Main.storyboard */,
				B170CD6A26F8C659006A1C12 /* LaunchScreen.storyboard */,
				B170CD6826F8C659006A1C12 /* Assets.xcassets */,
				B13685C5273CE7A500C8718A /* GoogleService-Info.plist */,
				B170CD6D26F8C659006A1C12 /* Info.plist */,
			);
			path = Gamify_v1;
			sourceTree = "<group>";
		};
		B170CD7526F8C659006A1C12 /* Gamify_v1Tests */ = {
			isa = PBXGroup;
			children = (
				B170CD7626F8C659006A1C12 /* Gamify_v1Tests.swift */,
				B170CD7826F8C659006A1C12 /* Info.plist */,
			);
			path = Gamify_v1Tests;
			sourceTree = "<group>";
		};
		B170CD8026F8C659006A1C12 /* Gamify_v1UITests */ = {
			isa = PBXGroup;
			children = (
				B170CD8126F8C659006A1C12 /* Gamify_v1UITests.swift */,
				B170CD8326F8C659006A1C12 /* Info.plist */,
			);
			path = Gamify_v1UITests;
			sourceTree = "<group>";
		};
		B170CD9926FA1CD5006A1C12 /* Controllers */ = {
			isa = PBXGroup;
			children = (
				B170CDCF26FD538B006A1C12 /* SignUpViewController.swift */,
				B1A89AFF27165D42000B7F11 /* VideosContainerViewController.swift */,
				B170CDDB2703EA21006A1C12 /* VideosViewController.swift */,
				B170CDD92703E5AA006A1C12 /* VideoViewController.swift */,
				B1BB278C270D268400E97916 /* UploadVideoViewController.swift */,
				B1A89AAE2715D836000B7F11 /* LeaderboardViewController.swift */,
				B19E16612738843000983812 /* SplashViewController.swift */,
				B1298F61273AC20200E8DB70 /* LoginViewController.swift */,
				B1002CB02743352B00C88C30 /* TermsAndConditionsViewController.swift */,
				B158B9B327542BBE0084B703 /* GameModePageViewController.swift */,
				B158B9B527542D000084B703 /* GameModeContentViewController.swift */,
				B158B9B727542E560084B703 /* GameModeViewController.swift */,
				B158B9B9275572650084B703 /* NameGameViewController.swift */,
				B1FA6A26277371E900EB0EAE /* ShareGameViewController.swift */,
			);
			path = Controllers;
			sourceTree = "<group>";
		};
		B170CD9A26FA1CDF006A1C12 /* Views */ = {
			isa = PBXGroup;
			children = (
				B1B3205F27A2F1810004968B /* Onboarding */,
				B13A698927912FD5006C7611 /* Profile */,
				B158B9BB275595BC0084B703 /* Discover */,
				B158B9A6275424C40084B703 /* GameMode */,
				B1BB2794270DE52800E97916 /* PulseAnimation.swift */,
				B1D05B702731AC620064798D /* LeaderBoardCell.swift */,
			);
			path = Views;
			sourceTree = "<group>";
		};
		B170CD9B26FA1CE7006A1C12 /* Models */ = {
			isa = PBXGroup;
			children = (
				B170CDC226FD4C04006A1C12 /* User.swift */,
				B170CDC426FD4CC9006A1C12 /* Content.swift */,
				B1A7F5BF27068EFB00720839 /* ContentDual.swift */,
				B170CDC626FD4D51006A1C12 /* Game.swift */,
				B170CDC826FD4E41006A1C12 /* Category.swift */,
				B170CDBC26FA287E006A1C12 /* Managers */,
				B1F5B1522719083E0042FF9A /* Identity.swift */,
				B1B3205D27A2F1000004968B /* Onboarding.swift */,
			);
			path = Models;
			sourceTree = "<group>";
		};
		B170CDBC26FA287E006A1C12 /* Managers */ = {
			isa = PBXGroup;
			children = (
				B170CDCA26FD4ED5006A1C12 /* UserManager.swift */,
				B170CDD327039D34006A1C12 /* ContentManager.swift */,
				B170CDD52703A7C3006A1C12 /* GameManager.swift */,
				B170CDD72703A818006A1C12 /* CategoryManager.swift */,
				B1BB278E270D274200E97916 /* StorageManager.swift */,
				B1BB2790270D2ABC00E97916 /* ImageManager.swift */,
				B1BB2792270D2B2100E97916 /* VideoManager.swift */,
				B1F5B150271907490042FF9A /* IdentityManager.swift */,
			);
			path = Managers;
			sourceTree = "<group>";
		};
		B170CDC126FD4BA1006A1C12 /* Supporting Files */ = {
			isa = PBXGroup;
			children = (
				B170CD5F26F8C657006A1C12 /* AppDelegate.swift */,
				B170CD6126F8C657006A1C12 /* SceneDelegate.swift */,
			);
			path = "Supporting Files";
			sourceTree = "<group>";
		};
		B1B3205F27A2F1810004968B /* Onboarding */ = {
			isa = PBXGroup;
			children = (
				B1B3206027A2F1E40004968B /* OnboardingViewController.swift */,
				B1B3206527A2F3320004968B /* Onboarding.storyboard */,
				B1B3206827A2F3640004968B /* OnboardingCollectionViewCell.xib */,
				B1B3206A27A2F3A20004968B /* OnboardingCollectionViewCell.swift */,
			);
			path = Onboarding;
			sourceTree = "<group>";
		};
/* End PBXGroup section */

/* Begin PBXNativeTarget section */
		B170CD5B26F8C657006A1C12 /* Gamify_v1 */ = {
			isa = PBXNativeTarget;
			buildConfigurationList = B170CD8626F8C659006A1C12 /* Build configuration list for PBXNativeTarget "Gamify_v1" */;
			buildPhases = (
				B170CD5826F8C657006A1C12 /* Sources */,
				B170CD5926F8C657006A1C12 /* Frameworks */,
				B170CD5A26F8C657006A1C12 /* Resources */,
				B1E463AF273EB649002CB233 /* ShellScript */,
			);
			buildRules = (
			);
			dependencies = (
			);
			name = Gamify_v1;
			packageProductDependencies = (
				B170CDCD26FD512A006A1C12 /* CodableFirebase */,
				B1E463B1273ED617002CB233 /* FirebaseAnalytics */,
				B1E463B3273ED617002CB233 /* FirebaseAnalyticsSwift-Beta */,
				B1E463B5273ED617002CB233 /* FirebaseAnalyticsWithoutAdIdSupport */,
				B1E463B7273ED617002CB233 /* FirebaseAppCheck */,
				B1E463B9273ED617002CB233 /* FirebaseAppDistribution-Beta */,
				B1E463BB273ED617002CB233 /* FirebaseAuth */,
				B1E463BD273ED617002CB233 /* FirebaseAuthCombine-Community */,
				B1E463BF273ED617002CB233 /* FirebaseCrashlytics */,
				B1E463C1273ED617002CB233 /* FirebaseDatabase */,
				B1E463C3273ED617002CB233 /* FirebaseDatabaseSwift-Beta */,
				B1E463C5273ED617002CB233 /* FirebaseDynamicLinks */,
				B1E463C7273ED617002CB233 /* FirebaseFirestore */,
				B1E463C9273ED617002CB233 /* FirebaseFirestoreCombine-Community */,
				B1E463CB273ED617002CB233 /* FirebaseFirestoreSwift-Beta */,
				B1E463CD273ED617002CB233 /* FirebaseFunctions */,
				B1E463CF273ED617002CB233 /* FirebaseFunctionsCombine-Community */,
				B1E463D1273ED617002CB233 /* FirebaseInAppMessaging-Beta */,
				B1E463D3273ED617002CB233 /* FirebaseInAppMessagingSwift-Beta */,
				B1E463D5273ED617002CB233 /* FirebaseInstallations */,
				B1E463D7273ED617002CB233 /* FirebaseMLModelDownloader */,
				B1E463D9273ED617002CB233 /* FirebaseMessaging */,
				B1E463DB273ED617002CB233 /* FirebasePerformance */,
				B1E463DD273ED617002CB233 /* FirebaseRemoteConfig */,
				B1E463DF273ED617002CB233 /* FirebaseStorage */,
				B1E463E1273ED617002CB233 /* FirebaseStorageCombine-Community */,
				B1E463E3273ED617002CB233 /* FirebaseStorageSwift-Beta */,
				B1D5A1F52769051800E48579 /* BLTNBoard */,
				B1B3206327A2F2B10004968B /* Lottie */,
			);
			productName = Gamify_v1;
			productReference = B170CD5C26F8C657006A1C12 /* Gamify_v1.app */;
			productType = "com.apple.product-type.application";
		};
		B170CD7126F8C659006A1C12 /* Gamify_v1Tests */ = {
			isa = PBXNativeTarget;
			buildConfigurationList = B170CD8926F8C659006A1C12 /* Build configuration list for PBXNativeTarget "Gamify_v1Tests" */;
			buildPhases = (
				B170CD6E26F8C659006A1C12 /* Sources */,
				B170CD6F26F8C659006A1C12 /* Frameworks */,
				B170CD7026F8C659006A1C12 /* Resources */,
			);
			buildRules = (
			);
			dependencies = (
				B170CD7426F8C659006A1C12 /* PBXTargetDependency */,
			);
			name = Gamify_v1Tests;
			productName = Gamify_v1Tests;
			productReference = B170CD7226F8C659006A1C12 /* Gamify_v1Tests.xctest */;
			productType = "com.apple.product-type.bundle.unit-test";
		};
		B170CD7C26F8C659006A1C12 /* Gamify_v1UITests */ = {
			isa = PBXNativeTarget;
			buildConfigurationList = B170CD8C26F8C659006A1C12 /* Build configuration list for PBXNativeTarget "Gamify_v1UITests" */;
			buildPhases = (
				B170CD7926F8C659006A1C12 /* Sources */,
				B170CD7A26F8C659006A1C12 /* Frameworks */,
				B170CD7B26F8C659006A1C12 /* Resources */,
			);
			buildRules = (
			);
			dependencies = (
				B170CD7F26F8C659006A1C12 /* PBXTargetDependency */,
			);
			name = Gamify_v1UITests;
			productName = Gamify_v1UITests;
			productReference = B170CD7D26F8C659006A1C12 /* Gamify_v1UITests.xctest */;
			productType = "com.apple.product-type.bundle.ui-testing";
		};
/* End PBXNativeTarget section */

/* Begin PBXProject section */
		B170CD5426F8C657006A1C12 /* Project object */ = {
			isa = PBXProject;
			attributes = {
				LastSwiftUpdateCheck = 1250;
				LastUpgradeCheck = 1250;
				TargetAttributes = {
					B170CD5B26F8C657006A1C12 = {
						CreatedOnToolsVersion = 12.5.1;
					};
					B170CD7126F8C659006A1C12 = {
						CreatedOnToolsVersion = 12.5.1;
						TestTargetID = B170CD5B26F8C657006A1C12;
					};
					B170CD7C26F8C659006A1C12 = {
						CreatedOnToolsVersion = 12.5.1;
						TestTargetID = B170CD5B26F8C657006A1C12;
					};
				};
			};
			buildConfigurationList = B170CD5726F8C657006A1C12 /* Build configuration list for PBXProject "Gamify_v1" */;
			compatibilityVersion = "Xcode 9.3";
			developmentRegion = en;
			hasScannedForEncodings = 0;
			knownRegions = (
				en,
				Base,
			);
			mainGroup = B170CD5326F8C657006A1C12;
			packageReferences = (
				B170CDCC26FD512A006A1C12 /* XCRemoteSwiftPackageReference "CodableFirebase" */,
				B1E463B0273ED617002CB233 /* XCRemoteSwiftPackageReference "firebase-ios-sdk" */,
				B1D5A1F42769051800E48579 /* XCRemoteSwiftPackageReference "BulletinBoard" */,
				B1B3206227A2F2B10004968B /* XCRemoteSwiftPackageReference "lottie-ios" */,
			);
			productRefGroup = B170CD5D26F8C657006A1C12 /* Products */;
			projectDirPath = "";
			projectRoot = "";
			targets = (
				B170CD5B26F8C657006A1C12 /* Gamify_v1 */,
				B170CD7126F8C659006A1C12 /* Gamify_v1Tests */,
				B170CD7C26F8C659006A1C12 /* Gamify_v1UITests */,
			);
		};
/* End PBXProject section */

/* Begin PBXResourcesBuildPhase section */
		B170CD5A26F8C657006A1C12 /* Resources */ = {
			isa = PBXResourcesBuildPhase;
			buildActionMask = 2147483647;
			files = (
				B158B9BD275596030084B703 /* Discover.storyboard in Resources */,
				B170CD6C26F8C659006A1C12 /* LaunchScreen.storyboard in Resources */,
				B158B9AA275425610084B703 /* GameMode.storyboard in Resources */,
				B170CD6926F8C659006A1C12 /* Assets.xcassets in Resources */,
				B13685C6273CE7A500C8718A /* GoogleService-Info.plist in Resources */,
				B1B3206927A2F3640004968B /* OnboardingCollectionViewCell.xib in Resources */,
				B13A698D27913006006C7611 /* Profile.storyboard in Resources */,
				B170CD6726F8C657006A1C12 /* Main.storyboard in Resources */,
				B1B3206727A2F3320004968B /* Onboarding.storyboard in Resources */,
			);
			runOnlyForDeploymentPostprocessing = 0;
		};
		B170CD7026F8C659006A1C12 /* Resources */ = {
			isa = PBXResourcesBuildPhase;
			buildActionMask = 2147483647;
			files = (
			);
			runOnlyForDeploymentPostprocessing = 0;
		};
		B170CD7B26F8C659006A1C12 /* Resources */ = {
			isa = PBXResourcesBuildPhase;
			buildActionMask = 2147483647;
			files = (
			);
			runOnlyForDeploymentPostprocessing = 0;
		};
/* End PBXResourcesBuildPhase section */

/* Begin PBXShellScriptBuildPhase section */
		B1E463AF273EB649002CB233 /* ShellScript */ = {
			isa = PBXShellScriptBuildPhase;
			buildActionMask = 2147483647;
			files = (
			);
			inputFileListPaths = (
			);
			inputPaths = (
				"${DWARF_DSYM_FOLDER_PATH}/${DWARF_DSYM_FILE_NAME}/Contents/Resources/DWARF/${TARGET_NAME}",
				"$(SRCROOT)/$(BUILT_PRODUCTS_DIR)/$(INFOPLIST_PATH)",
			);
			outputFileListPaths = (
			);
			outputPaths = (
			);
			runOnlyForDeploymentPostprocessing = 0;
			shellPath = /bin/sh;
			shellScript = "${BUILD_DIR%Build/*}/SourcePackages/checkouts/firebase-ios-sdk/Crashlytics/run\n";
		};
/* End PBXShellScriptBuildPhase section */

/* Begin PBXSourcesBuildPhase section */
		B170CD5826F8C657006A1C12 /* Sources */ = {
			isa = PBXSourcesBuildPhase;
			buildActionMask = 2147483647;
			files = (
				B170CDDC2703EA21006A1C12 /* VideosViewController.swift in Sources */,
				B1BB2791270D2ABC00E97916 /* ImageManager.swift in Sources */,
				B170CDD427039D34006A1C12 /* ContentManager.swift in Sources */,
				B1BB278F270D274300E97916 /* StorageManager.swift in Sources */,
				B1298F62273AC20200E8DB70 /* LoginViewController.swift in Sources */,
				B170CDC926FD4E41006A1C12 /* Category.swift in Sources */,
				B1B3205E27A2F1000004968B /* Onboarding.swift in Sources */,
				B158B9B427542BBE0084B703 /* GameModePageViewController.swift in Sources */,
				B170CDD62703A7C3006A1C12 /* GameManager.swift in Sources */,
				B1002CB12743352B00C88C30 /* TermsAndConditionsViewController.swift in Sources */,
				B1B3206B27A2F3A20004968B /* OnboardingCollectionViewCell.swift in Sources */,
				B1BB2793270D2B2100E97916 /* VideoManager.swift in Sources */,
				B170CDC726FD4D51006A1C12 /* Game.swift in Sources */,
				B158B9BF2755EC950084B703 /* DiscoverViewController.swift in Sources */,
				B1B3206127A2F1E40004968B /* OnboardingViewController.swift in Sources */,
				B1F5B151271907490042FF9A /* IdentityManager.swift in Sources */,
				B170CD6026F8C657006A1C12 /* AppDelegate.swift in Sources */,
				B1A89B0027165D42000B7F11 /* VideosContainerViewController.swift in Sources */,
				B13A698F27914404006C7611 /* ProfileSubmissionsTableViewCell.swift in Sources */,
				B1A7F5C027068EFB00720839 /* ContentDual.swift in Sources */,
				B170CDC526FD4CC9006A1C12 /* Content.swift in Sources */,
				B170CDD026FD538B006A1C12 /* SignUpViewController.swift in Sources */,
				B158B9B627542D000084B703 /* GameModeContentViewController.swift in Sources */,
				B170CDDA2703E5AA006A1C12 /* VideoViewController.swift in Sources */,
				B170CD6226F8C657006A1C12 /* SceneDelegate.swift in Sources */,
				B170CDD82703A818006A1C12 /* CategoryManager.swift in Sources */,
				B158B9B827542E560084B703 /* GameModeViewController.swift in Sources */,
				B1BB2795270DE52900E97916 /* PulseAnimation.swift in Sources */,
				B19E16622738843000983812 /* SplashViewController.swift in Sources */,
				B1D05B712731AC620064798D /* LeaderBoardCell.swift in Sources */,
				B1FA6A27277371EA00EB0EAE /* ShareGameViewController.swift in Sources */,
				B158B9C127567DE00084B703 /* DiscoverTableViewCell.swift in Sources */,
				B13A699127914D6F006C7611 /* TableViewCell.swift in Sources */,
				B1F5B1532719083E0042FF9A /* Identity.swift in Sources */,
				B170CDCB26FD4ED6006A1C12 /* UserManager.swift in Sources */,
				B158B9BA275572650084B703 /* NameGameViewController.swift in Sources */,
				B1BB278D270D268400E97916 /* UploadVideoViewController.swift in Sources */,
				B13A698B27912FF5006C7611 /* ProfileViewController.swift in Sources */,
				B170CDC326FD4C05006A1C12 /* User.swift in Sources */,
				B1A89AAF2715D836000B7F11 /* LeaderboardViewController.swift in Sources */,
			);
			runOnlyForDeploymentPostprocessing = 0;
		};
		B170CD6E26F8C659006A1C12 /* Sources */ = {
			isa = PBXSourcesBuildPhase;
			buildActionMask = 2147483647;
			files = (
				B170CD7726F8C659006A1C12 /* Gamify_v1Tests.swift in Sources */,
			);
			runOnlyForDeploymentPostprocessing = 0;
		};
		B170CD7926F8C659006A1C12 /* Sources */ = {
			isa = PBXSourcesBuildPhase;
			buildActionMask = 2147483647;
			files = (
				B170CD8226F8C659006A1C12 /* Gamify_v1UITests.swift in Sources */,
			);
			runOnlyForDeploymentPostprocessing = 0;
		};
/* End PBXSourcesBuildPhase section */

/* Begin PBXTargetDependency section */
		B170CD7426F8C659006A1C12 /* PBXTargetDependency */ = {
			isa = PBXTargetDependency;
			target = B170CD5B26F8C657006A1C12 /* Gamify_v1 */;
			targetProxy = B170CD7326F8C659006A1C12 /* PBXContainerItemProxy */;
		};
		B170CD7F26F8C659006A1C12 /* PBXTargetDependency */ = {
			isa = PBXTargetDependency;
			target = B170CD5B26F8C657006A1C12 /* Gamify_v1 */;
			targetProxy = B170CD7E26F8C659006A1C12 /* PBXContainerItemProxy */;
		};
/* End PBXTargetDependency section */

/* Begin PBXVariantGroup section */
		B170CD6526F8C657006A1C12 /* Main.storyboard */ = {
			isa = PBXVariantGroup;
			children = (
				B170CD6626F8C657006A1C12 /* Base */,
			);
			name = Main.storyboard;
			sourceTree = "<group>";
		};
		B170CD6A26F8C659006A1C12 /* LaunchScreen.storyboard */ = {
			isa = PBXVariantGroup;
			children = (
				B170CD6B26F8C659006A1C12 /* Base */,
			);
			name = LaunchScreen.storyboard;
			sourceTree = "<group>";
		};
		B1B3206527A2F3320004968B /* Onboarding.storyboard */ = {
			isa = PBXVariantGroup;
			children = (
				B1B3206627A2F3320004968B /* Base */,
			);
			name = Onboarding.storyboard;
			sourceTree = "<group>";
		};
/* End PBXVariantGroup section */

/* Begin XCBuildConfiguration section */
		B170CD8426F8C659006A1C12 /* Debug */ = {
			isa = XCBuildConfiguration;
			buildSettings = {
				ALWAYS_SEARCH_USER_PATHS = NO;
				CLANG_ANALYZER_NONNULL = YES;
				CLANG_ANALYZER_NUMBER_OBJECT_CONVERSION = YES_AGGRESSIVE;
				CLANG_CXX_LANGUAGE_STANDARD = "gnu++14";
				CLANG_CXX_LIBRARY = "libc++";
				CLANG_ENABLE_MODULES = YES;
				CLANG_ENABLE_OBJC_ARC = YES;
				CLANG_ENABLE_OBJC_WEAK = YES;
				CLANG_WARN_BLOCK_CAPTURE_AUTORELEASING = YES;
				CLANG_WARN_BOOL_CONVERSION = YES;
				CLANG_WARN_COMMA = YES;
				CLANG_WARN_CONSTANT_CONVERSION = YES;
				CLANG_WARN_DEPRECATED_OBJC_IMPLEMENTATIONS = YES;
				CLANG_WARN_DIRECT_OBJC_ISA_USAGE = YES_ERROR;
				CLANG_WARN_DOCUMENTATION_COMMENTS = YES;
				CLANG_WARN_EMPTY_BODY = YES;
				CLANG_WARN_ENUM_CONVERSION = YES;
				CLANG_WARN_INFINITE_RECURSION = YES;
				CLANG_WARN_INT_CONVERSION = YES;
				CLANG_WARN_NON_LITERAL_NULL_CONVERSION = YES;
				CLANG_WARN_OBJC_IMPLICIT_RETAIN_SELF = YES;
				CLANG_WARN_OBJC_LITERAL_CONVERSION = YES;
				CLANG_WARN_OBJC_ROOT_CLASS = YES_ERROR;
				CLANG_WARN_QUOTED_INCLUDE_IN_FRAMEWORK_HEADER = YES;
				CLANG_WARN_RANGE_LOOP_ANALYSIS = YES;
				CLANG_WARN_STRICT_PROTOTYPES = YES;
				CLANG_WARN_SUSPICIOUS_MOVE = YES;
				CLANG_WARN_UNGUARDED_AVAILABILITY = YES_AGGRESSIVE;
				CLANG_WARN_UNREACHABLE_CODE = YES;
				CLANG_WARN__DUPLICATE_METHOD_MATCH = YES;
				COPY_PHASE_STRIP = NO;
				DEBUG_INFORMATION_FORMAT = dwarf;
				ENABLE_STRICT_OBJC_MSGSEND = YES;
				ENABLE_TESTABILITY = YES;
				GCC_C_LANGUAGE_STANDARD = gnu11;
				GCC_DYNAMIC_NO_PIC = NO;
				GCC_NO_COMMON_BLOCKS = YES;
				GCC_OPTIMIZATION_LEVEL = 0;
				GCC_PREPROCESSOR_DEFINITIONS = (
					"DEBUG=1",
					"$(inherited)",
				);
				GCC_WARN_64_TO_32_BIT_CONVERSION = YES;
				GCC_WARN_ABOUT_RETURN_TYPE = YES_ERROR;
				GCC_WARN_UNDECLARED_SELECTOR = YES;
				GCC_WARN_UNINITIALIZED_AUTOS = YES_AGGRESSIVE;
				GCC_WARN_UNUSED_FUNCTION = YES;
				GCC_WARN_UNUSED_VARIABLE = YES;
				IPHONEOS_DEPLOYMENT_TARGET = 14.5;
				MTL_ENABLE_DEBUG_INFO = INCLUDE_SOURCE;
				MTL_FAST_MATH = YES;
				ONLY_ACTIVE_ARCH = YES;
				SDKROOT = iphoneos;
				SWIFT_ACTIVE_COMPILATION_CONDITIONS = DEBUG;
				SWIFT_OPTIMIZATION_LEVEL = "-Onone";
			};
			name = Debug;
		};
		B170CD8526F8C659006A1C12 /* Release */ = {
			isa = XCBuildConfiguration;
			buildSettings = {
				ALWAYS_SEARCH_USER_PATHS = NO;
				CLANG_ANALYZER_NONNULL = YES;
				CLANG_ANALYZER_NUMBER_OBJECT_CONVERSION = YES_AGGRESSIVE;
				CLANG_CXX_LANGUAGE_STANDARD = "gnu++14";
				CLANG_CXX_LIBRARY = "libc++";
				CLANG_ENABLE_MODULES = YES;
				CLANG_ENABLE_OBJC_ARC = YES;
				CLANG_ENABLE_OBJC_WEAK = YES;
				CLANG_WARN_BLOCK_CAPTURE_AUTORELEASING = YES;
				CLANG_WARN_BOOL_CONVERSION = YES;
				CLANG_WARN_COMMA = YES;
				CLANG_WARN_CONSTANT_CONVERSION = YES;
				CLANG_WARN_DEPRECATED_OBJC_IMPLEMENTATIONS = YES;
				CLANG_WARN_DIRECT_OBJC_ISA_USAGE = YES_ERROR;
				CLANG_WARN_DOCUMENTATION_COMMENTS = YES;
				CLANG_WARN_EMPTY_BODY = YES;
				CLANG_WARN_ENUM_CONVERSION = YES;
				CLANG_WARN_INFINITE_RECURSION = YES;
				CLANG_WARN_INT_CONVERSION = YES;
				CLANG_WARN_NON_LITERAL_NULL_CONVERSION = YES;
				CLANG_WARN_OBJC_IMPLICIT_RETAIN_SELF = YES;
				CLANG_WARN_OBJC_LITERAL_CONVERSION = YES;
				CLANG_WARN_OBJC_ROOT_CLASS = YES_ERROR;
				CLANG_WARN_QUOTED_INCLUDE_IN_FRAMEWORK_HEADER = YES;
				CLANG_WARN_RANGE_LOOP_ANALYSIS = YES;
				CLANG_WARN_STRICT_PROTOTYPES = YES;
				CLANG_WARN_SUSPICIOUS_MOVE = YES;
				CLANG_WARN_UNGUARDED_AVAILABILITY = YES_AGGRESSIVE;
				CLANG_WARN_UNREACHABLE_CODE = YES;
				CLANG_WARN__DUPLICATE_METHOD_MATCH = YES;
				COPY_PHASE_STRIP = NO;
				DEBUG_INFORMATION_FORMAT = "dwarf-with-dsym";
				ENABLE_NS_ASSERTIONS = NO;
				ENABLE_STRICT_OBJC_MSGSEND = YES;
				GCC_C_LANGUAGE_STANDARD = gnu11;
				GCC_NO_COMMON_BLOCKS = YES;
				GCC_WARN_64_TO_32_BIT_CONVERSION = YES;
				GCC_WARN_ABOUT_RETURN_TYPE = YES_ERROR;
				GCC_WARN_UNDECLARED_SELECTOR = YES;
				GCC_WARN_UNINITIALIZED_AUTOS = YES_AGGRESSIVE;
				GCC_WARN_UNUSED_FUNCTION = YES;
				GCC_WARN_UNUSED_VARIABLE = YES;
				IPHONEOS_DEPLOYMENT_TARGET = 14.5;
				MTL_ENABLE_DEBUG_INFO = NO;
				MTL_FAST_MATH = YES;
				SDKROOT = iphoneos;
				SWIFT_COMPILATION_MODE = wholemodule;
				SWIFT_OPTIMIZATION_LEVEL = "-O";
				VALIDATE_PRODUCT = YES;
			};
			name = Release;
		};
		B170CD8726F8C659006A1C12 /* Debug */ = {
			isa = XCBuildConfiguration;
			buildSettings = {
				ASSETCATALOG_COMPILER_APPICON_NAME = AppIcon;
				ASSETCATALOG_COMPILER_GLOBAL_ACCENT_COLOR_NAME = AccentColor;
				CODE_SIGN_ENTITLEMENTS = Gamify_v1/Gamify_v1.entitlements;
				CODE_SIGN_STYLE = Automatic;
				CURRENT_PROJECT_VERSION = 3.1;
				DEBUG_INFORMATION_FORMAT = "dwarf-with-dsym";
				DEVELOPMENT_TEAM = SFS3QU5SC2;
				INFOPLIST_FILE = Gamify_v1/Info.plist;
				LD_RUNPATH_SEARCH_PATHS = (
					"$(inherited)",
					"@executable_path/Frameworks",
				);
				MARKETING_VERSION = 3.0;
				PRODUCT_BUNDLE_IDENTIFIER = com.gamifysocialmedia.GamifySocialMedia;
				PRODUCT_NAME = "$(TARGET_NAME)";
				SWIFT_VERSION = 5.0;
				TARGETED_DEVICE_FAMILY = "1,2";
			};
			name = Debug;
		};
		B170CD8826F8C659006A1C12 /* Release */ = {
			isa = XCBuildConfiguration;
			buildSettings = {
				ASSETCATALOG_COMPILER_APPICON_NAME = AppIcon;
				ASSETCATALOG_COMPILER_GLOBAL_ACCENT_COLOR_NAME = AccentColor;
				CODE_SIGN_ENTITLEMENTS = Gamify_v1/Gamify_v1.entitlements;
				CODE_SIGN_STYLE = Automatic;
				CURRENT_PROJECT_VERSION = 3.1;
				DEVELOPMENT_TEAM = SFS3QU5SC2;
				INFOPLIST_FILE = Gamify_v1/Info.plist;
				LD_RUNPATH_SEARCH_PATHS = (
					"$(inherited)",
					"@executable_path/Frameworks",
				);
				MARKETING_VERSION = 3.0;
				PRODUCT_BUNDLE_IDENTIFIER = com.gamifysocialmedia.GamifySocialMedia;
				PRODUCT_NAME = "$(TARGET_NAME)";
				SWIFT_VERSION = 5.0;
				TARGETED_DEVICE_FAMILY = "1,2";
			};
			name = Release;
		};
		B170CD8A26F8C659006A1C12 /* Debug */ = {
			isa = XCBuildConfiguration;
			buildSettings = {
				ALWAYS_EMBED_SWIFT_STANDARD_LIBRARIES = YES;
				BUNDLE_LOADER = "$(TEST_HOST)";
				CODE_SIGN_STYLE = Automatic;
				DEVELOPMENT_TEAM = 638FLLMGVC;
				INFOPLIST_FILE = Gamify_v1Tests/Info.plist;
				IPHONEOS_DEPLOYMENT_TARGET = 14.5;
				LD_RUNPATH_SEARCH_PATHS = (
					"$(inherited)",
					"@executable_path/Frameworks",
					"@loader_path/Frameworks",
				);
				PRODUCT_BUNDLE_IDENTIFIER = "com.ladv.Gamify-v1Tests";
				PRODUCT_NAME = "$(TARGET_NAME)";
				SWIFT_VERSION = 5.0;
				TARGETED_DEVICE_FAMILY = "1,2";
				TEST_HOST = "$(BUILT_PRODUCTS_DIR)/Gamify_v1.app/Gamify_v1";
			};
			name = Debug;
		};
		B170CD8B26F8C659006A1C12 /* Release */ = {
			isa = XCBuildConfiguration;
			buildSettings = {
				ALWAYS_EMBED_SWIFT_STANDARD_LIBRARIES = YES;
				BUNDLE_LOADER = "$(TEST_HOST)";
				CODE_SIGN_STYLE = Automatic;
				DEVELOPMENT_TEAM = 638FLLMGVC;
				INFOPLIST_FILE = Gamify_v1Tests/Info.plist;
				IPHONEOS_DEPLOYMENT_TARGET = 14.5;
				LD_RUNPATH_SEARCH_PATHS = (
					"$(inherited)",
					"@executable_path/Frameworks",
					"@loader_path/Frameworks",
				);
				PRODUCT_BUNDLE_IDENTIFIER = "com.ladv.Gamify-v1Tests";
				PRODUCT_NAME = "$(TARGET_NAME)";
				SWIFT_VERSION = 5.0;
				TARGETED_DEVICE_FAMILY = "1,2";
				TEST_HOST = "$(BUILT_PRODUCTS_DIR)/Gamify_v1.app/Gamify_v1";
			};
			name = Release;
		};
		B170CD8D26F8C659006A1C12 /* Debug */ = {
			isa = XCBuildConfiguration;
			buildSettings = {
				ALWAYS_EMBED_SWIFT_STANDARD_LIBRARIES = YES;
				CODE_SIGN_STYLE = Automatic;
				DEVELOPMENT_TEAM = 638FLLMGVC;
				INFOPLIST_FILE = Gamify_v1UITests/Info.plist;
				LD_RUNPATH_SEARCH_PATHS = (
					"$(inherited)",
					"@executable_path/Frameworks",
					"@loader_path/Frameworks",
				);
				PRODUCT_BUNDLE_IDENTIFIER = "com.ladv.Gamify-v1UITests";
				PRODUCT_NAME = "$(TARGET_NAME)";
				SWIFT_VERSION = 5.0;
				TARGETED_DEVICE_FAMILY = "1,2";
				TEST_TARGET_NAME = Gamify_v1;
			};
			name = Debug;
		};
		B170CD8E26F8C659006A1C12 /* Release */ = {
			isa = XCBuildConfiguration;
			buildSettings = {
				ALWAYS_EMBED_SWIFT_STANDARD_LIBRARIES = YES;
				CODE_SIGN_STYLE = Automatic;
				DEVELOPMENT_TEAM = 638FLLMGVC;
				INFOPLIST_FILE = Gamify_v1UITests/Info.plist;
				LD_RUNPATH_SEARCH_PATHS = (
					"$(inherited)",
					"@executable_path/Frameworks",
					"@loader_path/Frameworks",
				);
				PRODUCT_BUNDLE_IDENTIFIER = "com.ladv.Gamify-v1UITests";
				PRODUCT_NAME = "$(TARGET_NAME)";
				SWIFT_VERSION = 5.0;
				TARGETED_DEVICE_FAMILY = "1,2";
				TEST_TARGET_NAME = Gamify_v1;
			};
			name = Release;
		};
/* End XCBuildConfiguration section */

/* Begin XCConfigurationList section */
		B170CD5726F8C657006A1C12 /* Build configuration list for PBXProject "Gamify_v1" */ = {
			isa = XCConfigurationList;
			buildConfigurations = (
				B170CD8426F8C659006A1C12 /* Debug */,
				B170CD8526F8C659006A1C12 /* Release */,
			);
			defaultConfigurationIsVisible = 0;
			defaultConfigurationName = Release;
		};
		B170CD8626F8C659006A1C12 /* Build configuration list for PBXNativeTarget "Gamify_v1" */ = {
			isa = XCConfigurationList;
			buildConfigurations = (
				B170CD8726F8C659006A1C12 /* Debug */,
				B170CD8826F8C659006A1C12 /* Release */,
			);
			defaultConfigurationIsVisible = 0;
			defaultConfigurationName = Release;
		};
		B170CD8926F8C659006A1C12 /* Build configuration list for PBXNativeTarget "Gamify_v1Tests" */ = {
			isa = XCConfigurationList;
			buildConfigurations = (
				B170CD8A26F8C659006A1C12 /* Debug */,
				B170CD8B26F8C659006A1C12 /* Release */,
			);
			defaultConfigurationIsVisible = 0;
			defaultConfigurationName = Release;
		};
		B170CD8C26F8C659006A1C12 /* Build configuration list for PBXNativeTarget "Gamify_v1UITests" */ = {
			isa = XCConfigurationList;
			buildConfigurations = (
				B170CD8D26F8C659006A1C12 /* Debug */,
				B170CD8E26F8C659006A1C12 /* Release */,
			);
			defaultConfigurationIsVisible = 0;
			defaultConfigurationName = Release;
		};
/* End XCConfigurationList section */

/* Begin XCRemoteSwiftPackageReference section */
		B170CDCC26FD512A006A1C12 /* XCRemoteSwiftPackageReference "CodableFirebase" */ = {
			isa = XCRemoteSwiftPackageReference;
			repositoryURL = "https://github.com/alickbass/CodableFirebase.git";
			requirement = {
				kind = upToNextMajorVersion;
				minimumVersion = 0.2.2;
			};
		};
		B1B3206227A2F2B10004968B /* XCRemoteSwiftPackageReference "lottie-ios" */ = {
			isa = XCRemoteSwiftPackageReference;
			repositoryURL = "https://github.com/airbnb/lottie-ios.git";
			requirement = {
				branch = master;
				kind = branch;
			};
		};
		B1D5A1F42769051800E48579 /* XCRemoteSwiftPackageReference "BulletinBoard" */ = {
			isa = XCRemoteSwiftPackageReference;
			repositoryURL = "https://github.com/alexisakers/BulletinBoard.git";
			requirement = {
				kind = upToNextMajorVersion;
				minimumVersion = 5.0.0;
			};
		};
		B1E463B0273ED617002CB233 /* XCRemoteSwiftPackageReference "firebase-ios-sdk" */ = {
			isa = XCRemoteSwiftPackageReference;
			repositoryURL = "https://github.com/firebase/firebase-ios-sdk.git";
			requirement = {
				kind = upToNextMajorVersion;
				minimumVersion = 8.0.0;
			};
		};
/* End XCRemoteSwiftPackageReference section */

/* Begin XCSwiftPackageProductDependency section */
		B170CDCD26FD512A006A1C12 /* CodableFirebase */ = {
			isa = XCSwiftPackageProductDependency;
			package = B170CDCC26FD512A006A1C12 /* XCRemoteSwiftPackageReference "CodableFirebase" */;
			productName = CodableFirebase;
		};
		B1B3206327A2F2B10004968B /* Lottie */ = {
			isa = XCSwiftPackageProductDependency;
			package = B1B3206227A2F2B10004968B /* XCRemoteSwiftPackageReference "lottie-ios" */;
			productName = Lottie;
		};
		B1D5A1F52769051800E48579 /* BLTNBoard */ = {
			isa = XCSwiftPackageProductDependency;
			package = B1D5A1F42769051800E48579 /* XCRemoteSwiftPackageReference "BulletinBoard" */;
			productName = BLTNBoard;
		};
		B1E463B1273ED617002CB233 /* FirebaseAnalytics */ = {
			isa = XCSwiftPackageProductDependency;
			package = B1E463B0273ED617002CB233 /* XCRemoteSwiftPackageReference "firebase-ios-sdk" */;
			productName = FirebaseAnalytics;
		};
		B1E463B3273ED617002CB233 /* FirebaseAnalyticsSwift-Beta */ = {
			isa = XCSwiftPackageProductDependency;
			package = B1E463B0273ED617002CB233 /* XCRemoteSwiftPackageReference "firebase-ios-sdk" */;
			productName = "FirebaseAnalyticsSwift-Beta";
		};
		B1E463B5273ED617002CB233 /* FirebaseAnalyticsWithoutAdIdSupport */ = {
			isa = XCSwiftPackageProductDependency;
			package = B1E463B0273ED617002CB233 /* XCRemoteSwiftPackageReference "firebase-ios-sdk" */;
			productName = FirebaseAnalyticsWithoutAdIdSupport;
		};
		B1E463B7273ED617002CB233 /* FirebaseAppCheck */ = {
			isa = XCSwiftPackageProductDependency;
			package = B1E463B0273ED617002CB233 /* XCRemoteSwiftPackageReference "firebase-ios-sdk" */;
			productName = FirebaseAppCheck;
		};
		B1E463B9273ED617002CB233 /* FirebaseAppDistribution-Beta */ = {
			isa = XCSwiftPackageProductDependency;
			package = B1E463B0273ED617002CB233 /* XCRemoteSwiftPackageReference "firebase-ios-sdk" */;
			productName = "FirebaseAppDistribution-Beta";
		};
		B1E463BB273ED617002CB233 /* FirebaseAuth */ = {
			isa = XCSwiftPackageProductDependency;
			package = B1E463B0273ED617002CB233 /* XCRemoteSwiftPackageReference "firebase-ios-sdk" */;
			productName = FirebaseAuth;
		};
		B1E463BD273ED617002CB233 /* FirebaseAuthCombine-Community */ = {
			isa = XCSwiftPackageProductDependency;
			package = B1E463B0273ED617002CB233 /* XCRemoteSwiftPackageReference "firebase-ios-sdk" */;
			productName = "FirebaseAuthCombine-Community";
		};
		B1E463BF273ED617002CB233 /* FirebaseCrashlytics */ = {
			isa = XCSwiftPackageProductDependency;
			package = B1E463B0273ED617002CB233 /* XCRemoteSwiftPackageReference "firebase-ios-sdk" */;
			productName = FirebaseCrashlytics;
		};
		B1E463C1273ED617002CB233 /* FirebaseDatabase */ = {
			isa = XCSwiftPackageProductDependency;
			package = B1E463B0273ED617002CB233 /* XCRemoteSwiftPackageReference "firebase-ios-sdk" */;
			productName = FirebaseDatabase;
		};
		B1E463C3273ED617002CB233 /* FirebaseDatabaseSwift-Beta */ = {
			isa = XCSwiftPackageProductDependency;
			package = B1E463B0273ED617002CB233 /* XCRemoteSwiftPackageReference "firebase-ios-sdk" */;
			productName = "FirebaseDatabaseSwift-Beta";
		};
		B1E463C5273ED617002CB233 /* FirebaseDynamicLinks */ = {
			isa = XCSwiftPackageProductDependency;
			package = B1E463B0273ED617002CB233 /* XCRemoteSwiftPackageReference "firebase-ios-sdk" */;
			productName = FirebaseDynamicLinks;
		};
		B1E463C7273ED617002CB233 /* FirebaseFirestore */ = {
			isa = XCSwiftPackageProductDependency;
			package = B1E463B0273ED617002CB233 /* XCRemoteSwiftPackageReference "firebase-ios-sdk" */;
			productName = FirebaseFirestore;
		};
		B1E463C9273ED617002CB233 /* FirebaseFirestoreCombine-Community */ = {
			isa = XCSwiftPackageProductDependency;
			package = B1E463B0273ED617002CB233 /* XCRemoteSwiftPackageReference "firebase-ios-sdk" */;
			productName = "FirebaseFirestoreCombine-Community";
		};
		B1E463CB273ED617002CB233 /* FirebaseFirestoreSwift-Beta */ = {
			isa = XCSwiftPackageProductDependency;
			package = B1E463B0273ED617002CB233 /* XCRemoteSwiftPackageReference "firebase-ios-sdk" */;
			productName = "FirebaseFirestoreSwift-Beta";
		};
		B1E463CD273ED617002CB233 /* FirebaseFunctions */ = {
			isa = XCSwiftPackageProductDependency;
			package = B1E463B0273ED617002CB233 /* XCRemoteSwiftPackageReference "firebase-ios-sdk" */;
			productName = FirebaseFunctions;
		};
		B1E463CF273ED617002CB233 /* FirebaseFunctionsCombine-Community */ = {
			isa = XCSwiftPackageProductDependency;
			package = B1E463B0273ED617002CB233 /* XCRemoteSwiftPackageReference "firebase-ios-sdk" */;
			productName = "FirebaseFunctionsCombine-Community";
		};
		B1E463D1273ED617002CB233 /* FirebaseInAppMessaging-Beta */ = {
			isa = XCSwiftPackageProductDependency;
			package = B1E463B0273ED617002CB233 /* XCRemoteSwiftPackageReference "firebase-ios-sdk" */;
			productName = "FirebaseInAppMessaging-Beta";
		};
		B1E463D3273ED617002CB233 /* FirebaseInAppMessagingSwift-Beta */ = {
			isa = XCSwiftPackageProductDependency;
			package = B1E463B0273ED617002CB233 /* XCRemoteSwiftPackageReference "firebase-ios-sdk" */;
			productName = "FirebaseInAppMessagingSwift-Beta";
		};
		B1E463D5273ED617002CB233 /* FirebaseInstallations */ = {
			isa = XCSwiftPackageProductDependency;
			package = B1E463B0273ED617002CB233 /* XCRemoteSwiftPackageReference "firebase-ios-sdk" */;
			productName = FirebaseInstallations;
		};
		B1E463D7273ED617002CB233 /* FirebaseMLModelDownloader */ = {
			isa = XCSwiftPackageProductDependency;
			package = B1E463B0273ED617002CB233 /* XCRemoteSwiftPackageReference "firebase-ios-sdk" */;
			productName = FirebaseMLModelDownloader;
		};
		B1E463D9273ED617002CB233 /* FirebaseMessaging */ = {
			isa = XCSwiftPackageProductDependency;
			package = B1E463B0273ED617002CB233 /* XCRemoteSwiftPackageReference "firebase-ios-sdk" */;
			productName = FirebaseMessaging;
		};
		B1E463DB273ED617002CB233 /* FirebasePerformance */ = {
			isa = XCSwiftPackageProductDependency;
			package = B1E463B0273ED617002CB233 /* XCRemoteSwiftPackageReference "firebase-ios-sdk" */;
			productName = FirebasePerformance;
		};
		B1E463DD273ED617002CB233 /* FirebaseRemoteConfig */ = {
			isa = XCSwiftPackageProductDependency;
			package = B1E463B0273ED617002CB233 /* XCRemoteSwiftPackageReference "firebase-ios-sdk" */;
			productName = FirebaseRemoteConfig;
		};
		B1E463DF273ED617002CB233 /* FirebaseStorage */ = {
			isa = XCSwiftPackageProductDependency;
			package = B1E463B0273ED617002CB233 /* XCRemoteSwiftPackageReference "firebase-ios-sdk" */;
			productName = FirebaseStorage;
		};
		B1E463E1273ED617002CB233 /* FirebaseStorageCombine-Community */ = {
			isa = XCSwiftPackageProductDependency;
			package = B1E463B0273ED617002CB233 /* XCRemoteSwiftPackageReference "firebase-ios-sdk" */;
			productName = "FirebaseStorageCombine-Community";
		};
		B1E463E3273ED617002CB233 /* FirebaseStorageSwift-Beta */ = {
			isa = XCSwiftPackageProductDependency;
			package = B1E463B0273ED617002CB233 /* XCRemoteSwiftPackageReference "firebase-ios-sdk" */;
			productName = "FirebaseStorageSwift-Beta";
		};
/* End XCSwiftPackageProductDependency section */
	};
	rootObject = B170CD5426F8C657006A1C12 /* Project object */;
}
